// !$*UTF8*$!
{
	archiveVersion = 1;
	classes = {
	};
	objectVersion = 46;
	objects = {

/* Begin PBXBuildFile section */
		D005B7AB19E5E8670073336A /* OSSaltsCell.m in Sources */ = {isa = PBXBuildFile; fileRef = D005B7A619E5E8670073336A /* OSSaltsCell.m */; };
		D005B7AC19E5E8670073336A /* OSSensorInventoryTableViewController.m in Sources */ = {isa = PBXBuildFile; fileRef = D005B7A819E5E8670073336A /* OSSensorInventoryTableViewController.m */; };
		D005B7AD19E5E8670073336A /* OSViewController.m in Sources */ = {isa = PBXBuildFile; fileRef = D005B7AA19E5E8670073336A /* OSViewController.m */; };
		D005B7B019E5E87E0073336A /* OSCertificationManager.m in Sources */ = {isa = PBXBuildFile; fileRef = D005B7AF19E5E87E0073336A /* OSCertificationManager.m */; };
		D005B7B319E5EA6A0073336A /* NSDate+convenience.m in Sources */ = {isa = PBXBuildFile; fileRef = D005B7B219E5EA6A0073336A /* NSDate+convenience.m */; };
		D005B7B719E5EB5E0073336A /* OSExpirationManager.m in Sources */ = {isa = PBXBuildFile; fileRef = D005B7B619E5EB5E0073336A /* OSExpirationManager.m */; };
		D00A8FAD19E4A64C00A4A95C /* PushAnimatedTransitioning.m in Sources */ = {isa = PBXBuildFile; fileRef = D00A8FAA19E4A64C00A4A95C /* PushAnimatedTransitioning.m */; };
		D00A8FAE19E4A64C00A4A95C /* PushTransitioningDelegate.m in Sources */ = {isa = PBXBuildFile; fileRef = D00A8FAC19E4A64C00A4A95C /* PushTransitioningDelegate.m */; };
		D00A8FB119E4A66C00A4A95C /* UIManager.m in Sources */ = {isa = PBXBuildFile; fileRef = D00A8FB019E4A66C00A4A95C /* UIManager.m */; };
		D00DB25419D50CC500C62136 /* OSTemperatureHelper.m in Sources */ = {isa = PBXBuildFile; fileRef = D00DB25319D50CC500C62136 /* OSTemperatureHelper.m */; };
		D01A314319DD3D49008C924F /* OSSaltSolutionManager.m in Sources */ = {isa = PBXBuildFile; fileRef = D01A314219DD3D49008C924F /* OSSaltSolutionManager.m */; };
		D01A314619DD479C008C924F /* OSSaltSolution.m in Sources */ = {isa = PBXBuildFile; fileRef = D01A314519DD479C008C924F /* OSSaltSolution.m */; };
		D01D6E6919DCC34300EF4B37 /* NSString+UrlEncoding.m in Sources */ = {isa = PBXBuildFile; fileRef = D01D6E6819DCC34300EF4B37 /* NSString+UrlEncoding.m */; };
		D022423619DB307A002B0E6D /* OSServerManager.m in Sources */ = {isa = PBXBuildFile; fileRef = D022423519DB307A002B0E6D /* OSServerManager.m */; };
		D022423A19DB373E002B0E6D /* iToast.m in Sources */ = {isa = PBXBuildFile; fileRef = D022423919DB373E002B0E6D /* iToast.m */; };
		D02A36B919EED4F500322C00 /* OSReportManager.m in Sources */ = {isa = PBXBuildFile; fileRef = D02A36B819EED4F500322C00 /* OSReportManager.m */; };
		D02CB30E19F01061003A23B8 /* AppIcon-057.png in Resources */ = {isa = PBXBuildFile; fileRef = D02CB2D519F01061003A23B8 /* AppIcon-057.png */; };
		D02CB30F19F01061003A23B8 /* AppIcon-072.png in Resources */ = {isa = PBXBuildFile; fileRef = D02CB2D619F01061003A23B8 /* AppIcon-072.png */; };
		D02CB31019F01061003A23B8 /* AppIcon-114.png in Resources */ = {isa = PBXBuildFile; fileRef = D02CB2D719F01061003A23B8 /* AppIcon-114.png */; };
		D02CB31119F01061003A23B8 /* AppIcon-144.png in Resources */ = {isa = PBXBuildFile; fileRef = D02CB2D819F01061003A23B8 /* AppIcon-144.png */; };
		D02CB31219F01061003A23B8 /* Reader-Button-H.png in Resources */ = {isa = PBXBuildFile; fileRef = D02CB2D919F01061003A23B8 /* Reader-Button-H.png */; };
		D02CB31319F01061003A23B8 /* Reader-Button-H@2x.png in Resources */ = {isa = PBXBuildFile; fileRef = D02CB2DA19F01061003A23B8 /* Reader-Button-H@2x.png */; };
		D02CB31419F01061003A23B8 /* Reader-Button-N.png in Resources */ = {isa = PBXBuildFile; fileRef = D02CB2DB19F01061003A23B8 /* Reader-Button-N.png */; };
		D02CB31519F01061003A23B8 /* Reader-Button-N@2x.png in Resources */ = {isa = PBXBuildFile; fileRef = D02CB2DC19F01061003A23B8 /* Reader-Button-N@2x.png */; };
		D02CB31619F01061003A23B8 /* Reader-Email.png in Resources */ = {isa = PBXBuildFile; fileRef = D02CB2DD19F01061003A23B8 /* Reader-Email.png */; };
		D02CB31719F01061003A23B8 /* Reader-Email@2x.png in Resources */ = {isa = PBXBuildFile; fileRef = D02CB2DE19F01061003A23B8 /* Reader-Email@2x.png */; };
		D02CB31819F01061003A23B8 /* Reader-Mark-N.png in Resources */ = {isa = PBXBuildFile; fileRef = D02CB2DF19F01061003A23B8 /* Reader-Mark-N.png */; };
		D02CB31919F01061003A23B8 /* Reader-Mark-N@2x.png in Resources */ = {isa = PBXBuildFile; fileRef = D02CB2E019F01061003A23B8 /* Reader-Mark-N@2x.png */; };
		D02CB31A19F01061003A23B8 /* Reader-Mark-Y.png in Resources */ = {isa = PBXBuildFile; fileRef = D02CB2E119F01061003A23B8 /* Reader-Mark-Y.png */; };
		D02CB31B19F01061003A23B8 /* Reader-Mark-Y@2x.png in Resources */ = {isa = PBXBuildFile; fileRef = D02CB2E219F01061003A23B8 /* Reader-Mark-Y@2x.png */; };
		D02CB31C19F01061003A23B8 /* Reader-Print.png in Resources */ = {isa = PBXBuildFile; fileRef = D02CB2E319F01061003A23B8 /* Reader-Print.png */; };
		D02CB31D19F01061003A23B8 /* Reader-Print@2x.png in Resources */ = {isa = PBXBuildFile; fileRef = D02CB2E419F01061003A23B8 /* Reader-Print@2x.png */; };
		D02CB31E19F01061003A23B8 /* Reader-Thumbs.png in Resources */ = {isa = PBXBuildFile; fileRef = D02CB2E519F01061003A23B8 /* Reader-Thumbs.png */; };
		D02CB31F19F01061003A23B8 /* Reader-Thumbs@2x.png in Resources */ = {isa = PBXBuildFile; fileRef = D02CB2E619F01061003A23B8 /* Reader-Thumbs@2x.png */; };
		D02CB32019F01061003A23B8 /* CGPDFDocument.m in Sources */ = {isa = PBXBuildFile; fileRef = D02CB2E919F01061003A23B8 /* CGPDFDocument.m */; };
		D02CB32119F01061003A23B8 /* ReaderConstants.m in Sources */ = {isa = PBXBuildFile; fileRef = D02CB2EB19F01061003A23B8 /* ReaderConstants.m */; };
		D02CB32219F01061003A23B8 /* ReaderContentPage.m in Sources */ = {isa = PBXBuildFile; fileRef = D02CB2ED19F01061003A23B8 /* ReaderContentPage.m */; };
		D02CB32319F01061003A23B8 /* ReaderContentTile.m in Sources */ = {isa = PBXBuildFile; fileRef = D02CB2EF19F01061003A23B8 /* ReaderContentTile.m */; };
		D02CB32419F01061003A23B8 /* ReaderContentView.m in Sources */ = {isa = PBXBuildFile; fileRef = D02CB2F119F01061003A23B8 /* ReaderContentView.m */; };
		D02CB32519F01061003A23B8 /* ReaderDocument.m in Sources */ = {isa = PBXBuildFile; fileRef = D02CB2F319F01061003A23B8 /* ReaderDocument.m */; };
		D02CB32619F01061003A23B8 /* ReaderMainPagebar.m in Sources */ = {isa = PBXBuildFile; fileRef = D02CB2F519F01061003A23B8 /* ReaderMainPagebar.m */; };
		D02CB32719F01061003A23B8 /* ReaderMainToolbar.m in Sources */ = {isa = PBXBuildFile; fileRef = D02CB2F719F01061003A23B8 /* ReaderMainToolbar.m */; };
		D02CB32819F01061003A23B8 /* ReaderThumbCache.m in Sources */ = {isa = PBXBuildFile; fileRef = D02CB2F919F01061003A23B8 /* ReaderThumbCache.m */; };
		D02CB32919F01061003A23B8 /* ReaderThumbFetch.m in Sources */ = {isa = PBXBuildFile; fileRef = D02CB2FB19F01061003A23B8 /* ReaderThumbFetch.m */; };
		D02CB32A19F01061003A23B8 /* ReaderThumbQueue.m in Sources */ = {isa = PBXBuildFile; fileRef = D02CB2FD19F01061003A23B8 /* ReaderThumbQueue.m */; };
		D02CB32B19F01061003A23B8 /* ReaderThumbRender.m in Sources */ = {isa = PBXBuildFile; fileRef = D02CB2FF19F01061003A23B8 /* ReaderThumbRender.m */; };
		D02CB32C19F01061003A23B8 /* ReaderThumbRequest.m in Sources */ = {isa = PBXBuildFile; fileRef = D02CB30119F01061003A23B8 /* ReaderThumbRequest.m */; };
		D02CB32D19F01061003A23B8 /* ReaderThumbsView.m in Sources */ = {isa = PBXBuildFile; fileRef = D02CB30319F01061003A23B8 /* ReaderThumbsView.m */; };
		D02CB32E19F01061003A23B8 /* ReaderThumbView.m in Sources */ = {isa = PBXBuildFile; fileRef = D02CB30519F01061003A23B8 /* ReaderThumbView.m */; };
		D02CB32F19F01061003A23B8 /* ReaderViewController.m in Sources */ = {isa = PBXBuildFile; fileRef = D02CB30719F01061003A23B8 /* ReaderViewController.m */; };
		D02CB33019F01061003A23B8 /* ThumbsMainToolbar.m in Sources */ = {isa = PBXBuildFile; fileRef = D02CB30919F01061003A23B8 /* ThumbsMainToolbar.m */; };
		D02CB33119F01061003A23B8 /* ThumbsViewController.m in Sources */ = {isa = PBXBuildFile; fileRef = D02CB30B19F01061003A23B8 /* ThumbsViewController.m */; };
		D02CB33219F01061003A23B8 /* UIXToolbarView.m in Sources */ = {isa = PBXBuildFile; fileRef = D02CB30D19F01061003A23B8 /* UIXToolbarView.m */; };
		D02CB33519F08986003A23B8 /* Crashlytics.framework in Frameworks */ = {isa = PBXBuildFile; fileRef = D02CB33419F08986003A23B8 /* Crashlytics.framework */; };
		D02EE1AD19EDFA7200DF7F5F /* CDSensor.m in Sources */ = {isa = PBXBuildFile; fileRef = D02EE1AC19EDFA7200DF7F5F /* CDSensor.m */; };
		D05CCF8B19ECCAFE00747064 /* OSRotateNavigationController.m in Sources */ = {isa = PBXBuildFile; fileRef = D05CCF8A19ECCAFE00747064 /* OSRotateNavigationController.m */; };
		D05CCF8E19ECD88100747064 /* OSDummyViewController.m in Sources */ = {isa = PBXBuildFile; fileRef = D05CCF8D19ECD88100747064 /* OSDummyViewController.m */; };
		D08964C319E67F2D00FFF5CE /* CDCalCheck.m in Sources */ = {isa = PBXBuildFile; fileRef = D08964C219E67F2D00FFF5CE /* CDCalCheck.m */; };
		D08964C919E67F2E00FFF5CE /* CDCalibrationDate.m in Sources */ = {isa = PBXBuildFile; fileRef = D08964C819E67F2E00FFF5CE /* CDCalibrationDate.m */; };
		D0BEAAE819D3B9CB00514B19 /* Foundation.framework in Frameworks */ = {isa = PBXBuildFile; fileRef = D0BEAAE719D3B9CB00514B19 /* Foundation.framework */; };
		D0BEAAEA19D3B9CB00514B19 /* CoreGraphics.framework in Frameworks */ = {isa = PBXBuildFile; fileRef = D0BEAAE919D3B9CB00514B19 /* CoreGraphics.framework */; };
		D0BEAAEC19D3B9CB00514B19 /* UIKit.framework in Frameworks */ = {isa = PBXBuildFile; fileRef = D0BEAAEB19D3B9CB00514B19 /* UIKit.framework */; };
		D0BEAAF219D3B9CB00514B19 /* InfoPlist.strings in Resources */ = {isa = PBXBuildFile; fileRef = D0BEAAF019D3B9CB00514B19 /* InfoPlist.strings */; };
		D0BEAAF419D3B9CB00514B19 /* main.m in Sources */ = {isa = PBXBuildFile; fileRef = D0BEAAF319D3B9CB00514B19 /* main.m */; };
		D0BEAAF819D3B9CB00514B19 /* OSAppDelegate.m in Sources */ = {isa = PBXBuildFile; fileRef = D0BEAAF719D3B9CB00514B19 /* OSAppDelegate.m */; };
		D0BEAAFB19D3B9CB00514B19 /* Main_iPhone.storyboard in Resources */ = {isa = PBXBuildFile; fileRef = D0BEAAF919D3B9CB00514B19 /* Main_iPhone.storyboard */; };
		D0BEAAFE19D3B9CB00514B19 /* Main_iPad.storyboard in Resources */ = {isa = PBXBuildFile; fileRef = D0BEAAFC19D3B9CB00514B19 /* Main_iPad.storyboard */; };
		D0BEAB0319D3B9CB00514B19 /* Images.xcassets in Resources */ = {isa = PBXBuildFile; fileRef = D0BEAB0219D3B9CB00514B19 /* Images.xcassets */; };
		D0BEAB0A19D3B9CB00514B19 /* XCTest.framework in Frameworks */ = {isa = PBXBuildFile; fileRef = D0BEAB0919D3B9CB00514B19 /* XCTest.framework */; };
		D0BEAB0B19D3B9CB00514B19 /* Foundation.framework in Frameworks */ = {isa = PBXBuildFile; fileRef = D0BEAAE719D3B9CB00514B19 /* Foundation.framework */; };
		D0BEAB0C19D3B9CB00514B19 /* UIKit.framework in Frameworks */ = {isa = PBXBuildFile; fileRef = D0BEAAEB19D3B9CB00514B19 /* UIKit.framework */; };
		D0BEAB1419D3B9CB00514B19 /* InfoPlist.strings in Resources */ = {isa = PBXBuildFile; fileRef = D0BEAB1219D3B9CB00514B19 /* InfoPlist.strings */; };
		D0BEAB1619D3B9CB00514B19 /* OneScreenTests.m in Sources */ = {isa = PBXBuildFile; fileRef = D0BEAB1519D3B9CB00514B19 /* OneScreenTests.m */; };
		D0BEAB3D19D3BA7500514B19 /* NSObject+SBJSON.m in Sources */ = {isa = PBXBuildFile; fileRef = D0BEAB2319D3BA7500514B19 /* NSObject+SBJSON.m */; };
		D0BEAB3E19D3BA7500514B19 /* NSString+SBJSON.m in Sources */ = {isa = PBXBuildFile; fileRef = D0BEAB2519D3BA7500514B19 /* NSString+SBJSON.m */; };
		D0BEAB3F19D3BA7500514B19 /* SBJSON.m in Sources */ = {isa = PBXBuildFile; fileRef = D0BEAB2719D3BA7500514B19 /* SBJSON.m */; };
		D0BEAB4019D3BA7500514B19 /* SBJsonBase.m in Sources */ = {isa = PBXBuildFile; fileRef = D0BEAB2919D3BA7500514B19 /* SBJsonBase.m */; };
		D0BEAB4119D3BA7500514B19 /* SBJsonParser.m in Sources */ = {isa = PBXBuildFile; fileRef = D0BEAB2B19D3BA7500514B19 /* SBJsonParser.m */; };
		D0BEAB4219D3BA7500514B19 /* SBJsonWriter.m in Sources */ = {isa = PBXBuildFile; fileRef = D0BEAB2D19D3BA7500514B19 /* SBJsonWriter.m */; };
		D0BEAB4319D3BA7500514B19 /* LROAuth2AccessToken.m in Sources */ = {isa = PBXBuildFile; fileRef = D0BEAB3019D3BA7500514B19 /* LROAuth2AccessToken.m */; };
		D0BEAB4419D3BA7500514B19 /* LROAuth2Client.m in Sources */ = {isa = PBXBuildFile; fileRef = D0BEAB3219D3BA7500514B19 /* LROAuth2Client.m */; };
		D0BEAB4519D3BA7500514B19 /* LRURLRequestOperation.m in Sources */ = {isa = PBXBuildFile; fileRef = D0BEAB3519D3BA7500514B19 /* LRURLRequestOperation.m */; };
		D0BEAB4619D3BA7500514B19 /* NSDictionary+QueryString.m in Sources */ = {isa = PBXBuildFile; fileRef = D0BEAB3719D3BA7500514B19 /* NSDictionary+QueryString.m */; };
		D0BEAB4719D3BA7500514B19 /* NSString+QueryString.m in Sources */ = {isa = PBXBuildFile; fileRef = D0BEAB3919D3BA7500514B19 /* NSString+QueryString.m */; };
		D0BEAB4819D3BA7500514B19 /* NSURL+QueryInspector.m in Sources */ = {isa = PBXBuildFile; fileRef = D0BEAB3B19D3BA7500514B19 /* NSURL+QueryInspector.m */; };
		D0BEAB5119D3BB4400514B19 /* EmulatorReadingParser.m in Sources */ = {isa = PBXBuildFile; fileRef = D0BEAB4B19D3BB4400514B19 /* EmulatorReadingParser.m */; };
		D0BEAB5219D3BB4400514B19 /* ScanManager.m in Sources */ = {isa = PBXBuildFile; fileRef = D0BEAB4D19D3BB4400514B19 /* ScanManager.m */; };
		D0BEAB5319D3BB4400514B19 /* SensorReadingParser.m in Sources */ = {isa = PBXBuildFile; fileRef = D0BEAB5019D3BB4400514B19 /* SensorReadingParser.m */; };
		D0BEAB5D19D3BD2F00514B19 /* NSDate+String.m in Sources */ = {isa = PBXBuildFile; fileRef = D0BEAB5C19D3BD2F00514B19 /* NSDate+String.m */; };
		D0BEAB6719D3CC5D00514B19 /* ServerGateway.m in Sources */ = {isa = PBXBuildFile; fileRef = D0BEAB6119D3CC5D00514B19 /* ServerGateway.m */; };
		D0BEAB6819D3CC5D00514B19 /* ServerManager.m in Sources */ = {isa = PBXBuildFile; fileRef = D0BEAB6519D3CC5D00514B19 /* ServerManager.m */; };
		D0BEAB6C19D3CD0200514B19 /* SFHFKeychainUtils.m in Sources */ = {isa = PBXBuildFile; fileRef = D0BEAB6B19D3CD0200514B19 /* SFHFKeychainUtils.m */; settings = {COMPILER_FLAGS = "-fno-objc-arc"; }; };
		D0D5D30419E3761C005FF944 /* libTestFlight.a in Frameworks */ = {isa = PBXBuildFile; fileRef = D0D5D30019E3761C005FF944 /* libTestFlight.a */; };
		D0D5D30619E37708005FF944 /* libz.dylib in Frameworks */ = {isa = PBXBuildFile; fileRef = D0D5D30519E37708005FF944 /* libz.dylib */; };
		D0E505A619E88F0600B2E45C /* OSSensorCell.m in Sources */ = {isa = PBXBuildFile; fileRef = D0E505A519E88F0600B2E45C /* OSSensorCell.m */; };
		D0F984F319D8A358003B2E74 /* BebasNeue.ttf in Resources */ = {isa = PBXBuildFile; fileRef = D0F984ED19D8A358003B2E74 /* BebasNeue.ttf */; };
		D0F984F419D8A358003B2E74 /* Bell MT.ttf in Resources */ = {isa = PBXBuildFile; fileRef = D0F984EE19D8A358003B2E74 /* Bell MT.ttf */; };
		D0F984F519D8A358003B2E74 /* MyriadPro-Bold.ttf in Resources */ = {isa = PBXBuildFile; fileRef = D0F984EF19D8A358003B2E74 /* MyriadPro-Bold.ttf */; };
		D0F984F619D8A358003B2E74 /* MyriadPro-BoldCond.ttf in Resources */ = {isa = PBXBuildFile; fileRef = D0F984F019D8A358003B2E74 /* MyriadPro-BoldCond.ttf */; };
		D0F984F719D8A358003B2E74 /* MyriadPro-It.ttf in Resources */ = {isa = PBXBuildFile; fileRef = D0F984F119D8A358003B2E74 /* MyriadPro-It.ttf */; };
		D0F984F819D8A358003B2E74 /* MyriadPro-Regular.ttf in Resources */ = {isa = PBXBuildFile; fileRef = D0F984F219D8A358003B2E74 /* MyriadPro-Regular.ttf */; };
		D0F984FC19D8A8AA003B2E74 /* Model.xcdatamodeld in Sources */ = {isa = PBXBuildFile; fileRef = D0F984FA19D8A8AA003B2E74 /* Model.xcdatamodeld */; };
		D0F9850219D8AA74003B2E74 /* OSModelManager.m in Sources */ = {isa = PBXBuildFile; fileRef = D0F9850119D8AA74003B2E74 /* OSModelManager.m */; };
/* End PBXBuildFile section */

/* Begin PBXContainerItemProxy section */
		D0BEAB0D19D3B9CB00514B19 /* PBXContainerItemProxy */ = {
			isa = PBXContainerItemProxy;
			containerPortal = D0BEAADC19D3B9CB00514B19 /* Project object */;
			proxyType = 1;
			remoteGlobalIDString = D0BEAAE319D3B9CB00514B19;
			remoteInfo = OneScreen;
		};
/* End PBXContainerItemProxy section */

/* Begin PBXFileReference section */
		D005B7A519E5E8670073336A /* OSSaltsCell.h */ = {isa = PBXFileReference; fileEncoding = 4; lastKnownFileType = sourcecode.c.h; path = OSSaltsCell.h; sourceTree = "<group>"; };
		D005B7A619E5E8670073336A /* OSSaltsCell.m */ = {isa = PBXFileReference; fileEncoding = 4; lastKnownFileType = sourcecode.c.objc; path = OSSaltsCell.m; sourceTree = "<group>"; };
		D005B7A719E5E8670073336A /* OSSensorInventoryTableViewController.h */ = {isa = PBXFileReference; fileEncoding = 4; lastKnownFileType = sourcecode.c.h; path = OSSensorInventoryTableViewController.h; sourceTree = "<group>"; };
		D005B7A819E5E8670073336A /* OSSensorInventoryTableViewController.m */ = {isa = PBXFileReference; fileEncoding = 4; lastKnownFileType = sourcecode.c.objc; path = OSSensorInventoryTableViewController.m; sourceTree = "<group>"; };
		D005B7A919E5E8670073336A /* OSViewController.h */ = {isa = PBXFileReference; fileEncoding = 4; lastKnownFileType = sourcecode.c.h; path = OSViewController.h; sourceTree = "<group>"; };
		D005B7AA19E5E8670073336A /* OSViewController.m */ = {isa = PBXFileReference; fileEncoding = 4; lastKnownFileType = sourcecode.c.objc; path = OSViewController.m; sourceTree = "<group>"; };
		D005B7AE19E5E87E0073336A /* OSCertificationManager.h */ = {isa = PBXFileReference; fileEncoding = 4; lastKnownFileType = sourcecode.c.h; path = OSCertificationManager.h; sourceTree = "<group>"; };
		D005B7AF19E5E87E0073336A /* OSCertificationManager.m */ = {isa = PBXFileReference; fileEncoding = 4; lastKnownFileType = sourcecode.c.objc; path = OSCertificationManager.m; sourceTree = "<group>"; };
		D005B7B119E5EA6A0073336A /* NSDate+convenience.h */ = {isa = PBXFileReference; fileEncoding = 4; lastKnownFileType = sourcecode.c.h; path = "NSDate+convenience.h"; sourceTree = "<group>"; };
		D005B7B219E5EA6A0073336A /* NSDate+convenience.m */ = {isa = PBXFileReference; fileEncoding = 4; lastKnownFileType = sourcecode.c.objc; path = "NSDate+convenience.m"; sourceTree = "<group>"; };
		D005B7B519E5EB5E0073336A /* OSExpirationManager.h */ = {isa = PBXFileReference; fileEncoding = 4; lastKnownFileType = sourcecode.c.h; path = OSExpirationManager.h; sourceTree = "<group>"; };
		D005B7B619E5EB5E0073336A /* OSExpirationManager.m */ = {isa = PBXFileReference; fileEncoding = 4; lastKnownFileType = sourcecode.c.objc; path = OSExpirationManager.m; sourceTree = "<group>"; };
		D00A8FA919E4A64C00A4A95C /* PushAnimatedTransitioning.h */ = {isa = PBXFileReference; fileEncoding = 4; lastKnownFileType = sourcecode.c.h; path = PushAnimatedTransitioning.h; sourceTree = "<group>"; };
		D00A8FAA19E4A64C00A4A95C /* PushAnimatedTransitioning.m */ = {isa = PBXFileReference; fileEncoding = 4; lastKnownFileType = sourcecode.c.objc; path = PushAnimatedTransitioning.m; sourceTree = "<group>"; };
		D00A8FAB19E4A64C00A4A95C /* PushTransitioningDelegate.h */ = {isa = PBXFileReference; fileEncoding = 4; lastKnownFileType = sourcecode.c.h; path = PushTransitioningDelegate.h; sourceTree = "<group>"; };
		D00A8FAC19E4A64C00A4A95C /* PushTransitioningDelegate.m */ = {isa = PBXFileReference; fileEncoding = 4; lastKnownFileType = sourcecode.c.objc; path = PushTransitioningDelegate.m; sourceTree = "<group>"; };
		D00A8FAF19E4A66C00A4A95C /* UIManager.h */ = {isa = PBXFileReference; fileEncoding = 4; lastKnownFileType = sourcecode.c.h; path = UIManager.h; sourceTree = "<group>"; };
		D00A8FB019E4A66C00A4A95C /* UIManager.m */ = {isa = PBXFileReference; fileEncoding = 4; lastKnownFileType = sourcecode.c.objc; path = UIManager.m; sourceTree = "<group>"; };
		D00DB25019D50C6700C62136 /* OSDefine.h */ = {isa = PBXFileReference; lastKnownFileType = sourcecode.c.h; path = OSDefine.h; sourceTree = "<group>"; };
		D00DB25219D50CC500C62136 /* OSTemperatureHelper.h */ = {isa = PBXFileReference; fileEncoding = 4; lastKnownFileType = sourcecode.c.h; path = OSTemperatureHelper.h; sourceTree = "<group>"; };
		D00DB25319D50CC500C62136 /* OSTemperatureHelper.m */ = {isa = PBXFileReference; fileEncoding = 4; lastKnownFileType = sourcecode.c.objc; path = OSTemperatureHelper.m; sourceTree = "<group>"; };
		D01A314119DD3D49008C924F /* OSSaltSolutionManager.h */ = {isa = PBXFileReference; fileEncoding = 4; lastKnownFileType = sourcecode.c.h; path = OSSaltSolutionManager.h; sourceTree = "<group>"; };
		D01A314219DD3D49008C924F /* OSSaltSolutionManager.m */ = {isa = PBXFileReference; fileEncoding = 4; lastKnownFileType = sourcecode.c.objc; path = OSSaltSolutionManager.m; sourceTree = "<group>"; };
		D01A314419DD479C008C924F /* OSSaltSolution.h */ = {isa = PBXFileReference; fileEncoding = 4; lastKnownFileType = sourcecode.c.h; path = OSSaltSolution.h; sourceTree = "<group>"; };
		D01A314519DD479C008C924F /* OSSaltSolution.m */ = {isa = PBXFileReference; fileEncoding = 4; lastKnownFileType = sourcecode.c.objc; path = OSSaltSolution.m; sourceTree = "<group>"; };
		D01D6E6719DCC34300EF4B37 /* NSString+UrlEncoding.h */ = {isa = PBXFileReference; fileEncoding = 4; lastKnownFileType = sourcecode.c.h; path = "NSString+UrlEncoding.h"; sourceTree = "<group>"; };
		D01D6E6819DCC34300EF4B37 /* NSString+UrlEncoding.m */ = {isa = PBXFileReference; fileEncoding = 4; lastKnownFileType = sourcecode.c.objc; path = "NSString+UrlEncoding.m"; sourceTree = "<group>"; };
		D022423419DB307A002B0E6D /* OSServerManager.h */ = {isa = PBXFileReference; fileEncoding = 4; lastKnownFileType = sourcecode.c.h; path = OSServerManager.h; sourceTree = "<group>"; };
		D022423519DB307A002B0E6D /* OSServerManager.m */ = {isa = PBXFileReference; fileEncoding = 4; lastKnownFileType = sourcecode.c.objc; path = OSServerManager.m; sourceTree = "<group>"; };
		D022423819DB373E002B0E6D /* iToast.h */ = {isa = PBXFileReference; fileEncoding = 4; lastKnownFileType = sourcecode.c.h; path = iToast.h; sourceTree = "<group>"; };
		D022423919DB373E002B0E6D /* iToast.m */ = {isa = PBXFileReference; fileEncoding = 4; lastKnownFileType = sourcecode.c.objc; path = iToast.m; sourceTree = "<group>"; };
		D02A36B719EED4F500322C00 /* OSReportManager.h */ = {isa = PBXFileReference; fileEncoding = 4; lastKnownFileType = sourcecode.c.h; path = OSReportManager.h; sourceTree = "<group>"; };
		D02A36B819EED4F500322C00 /* OSReportManager.m */ = {isa = PBXFileReference; fileEncoding = 4; lastKnownFileType = sourcecode.c.objc; path = OSReportManager.m; sourceTree = "<group>"; };
		D02CB2D519F01061003A23B8 /* AppIcon-057.png */ = {isa = PBXFileReference; lastKnownFileType = image.png; path = "AppIcon-057.png"; sourceTree = "<group>"; };
		D02CB2D619F01061003A23B8 /* AppIcon-072.png */ = {isa = PBXFileReference; lastKnownFileType = image.png; path = "AppIcon-072.png"; sourceTree = "<group>"; };
		D02CB2D719F01061003A23B8 /* AppIcon-114.png */ = {isa = PBXFileReference; lastKnownFileType = image.png; path = "AppIcon-114.png"; sourceTree = "<group>"; };
		D02CB2D819F01061003A23B8 /* AppIcon-144.png */ = {isa = PBXFileReference; lastKnownFileType = image.png; path = "AppIcon-144.png"; sourceTree = "<group>"; };
		D02CB2D919F01061003A23B8 /* Reader-Button-H.png */ = {isa = PBXFileReference; lastKnownFileType = image.png; path = "Reader-Button-H.png"; sourceTree = "<group>"; };
		D02CB2DA19F01061003A23B8 /* Reader-Button-H@2x.png */ = {isa = PBXFileReference; lastKnownFileType = image.png; path = "Reader-Button-H@2x.png"; sourceTree = "<group>"; };
		D02CB2DB19F01061003A23B8 /* Reader-Button-N.png */ = {isa = PBXFileReference; lastKnownFileType = image.png; path = "Reader-Button-N.png"; sourceTree = "<group>"; };
		D02CB2DC19F01061003A23B8 /* Reader-Button-N@2x.png */ = {isa = PBXFileReference; lastKnownFileType = image.png; path = "Reader-Button-N@2x.png"; sourceTree = "<group>"; };
		D02CB2DD19F01061003A23B8 /* Reader-Email.png */ = {isa = PBXFileReference; lastKnownFileType = image.png; path = "Reader-Email.png"; sourceTree = "<group>"; };
		D02CB2DE19F01061003A23B8 /* Reader-Email@2x.png */ = {isa = PBXFileReference; lastKnownFileType = image.png; path = "Reader-Email@2x.png"; sourceTree = "<group>"; };
		D02CB2DF19F01061003A23B8 /* Reader-Mark-N.png */ = {isa = PBXFileReference; lastKnownFileType = image.png; path = "Reader-Mark-N.png"; sourceTree = "<group>"; };
		D02CB2E019F01061003A23B8 /* Reader-Mark-N@2x.png */ = {isa = PBXFileReference; lastKnownFileType = image.png; path = "Reader-Mark-N@2x.png"; sourceTree = "<group>"; };
		D02CB2E119F01061003A23B8 /* Reader-Mark-Y.png */ = {isa = PBXFileReference; lastKnownFileType = image.png; path = "Reader-Mark-Y.png"; sourceTree = "<group>"; };
		D02CB2E219F01061003A23B8 /* Reader-Mark-Y@2x.png */ = {isa = PBXFileReference; lastKnownFileType = image.png; path = "Reader-Mark-Y@2x.png"; sourceTree = "<group>"; };
		D02CB2E319F01061003A23B8 /* Reader-Print.png */ = {isa = PBXFileReference; lastKnownFileType = image.png; path = "Reader-Print.png"; sourceTree = "<group>"; };
		D02CB2E419F01061003A23B8 /* Reader-Print@2x.png */ = {isa = PBXFileReference; lastKnownFileType = image.png; path = "Reader-Print@2x.png"; sourceTree = "<group>"; };
		D02CB2E519F01061003A23B8 /* Reader-Thumbs.png */ = {isa = PBXFileReference; lastKnownFileType = image.png; path = "Reader-Thumbs.png"; sourceTree = "<group>"; };
		D02CB2E619F01061003A23B8 /* Reader-Thumbs@2x.png */ = {isa = PBXFileReference; lastKnownFileType = image.png; path = "Reader-Thumbs@2x.png"; sourceTree = "<group>"; };
		D02CB2E819F01061003A23B8 /* CGPDFDocument.h */ = {isa = PBXFileReference; fileEncoding = 4; lastKnownFileType = sourcecode.c.h; path = CGPDFDocument.h; sourceTree = "<group>"; };
		D02CB2E919F01061003A23B8 /* CGPDFDocument.m */ = {isa = PBXFileReference; fileEncoding = 4; lastKnownFileType = sourcecode.c.objc; path = CGPDFDocument.m; sourceTree = "<group>"; };
		D02CB2EA19F01061003A23B8 /* ReaderConstants.h */ = {isa = PBXFileReference; fileEncoding = 4; lastKnownFileType = sourcecode.c.h; path = ReaderConstants.h; sourceTree = "<group>"; };
		D02CB2EB19F01061003A23B8 /* ReaderConstants.m */ = {isa = PBXFileReference; fileEncoding = 4; lastKnownFileType = sourcecode.c.objc; path = ReaderConstants.m; sourceTree = "<group>"; };
		D02CB2EC19F01061003A23B8 /* ReaderContentPage.h */ = {isa = PBXFileReference; fileEncoding = 4; lastKnownFileType = sourcecode.c.h; path = ReaderContentPage.h; sourceTree = "<group>"; };
		D02CB2ED19F01061003A23B8 /* ReaderContentPage.m */ = {isa = PBXFileReference; fileEncoding = 4; lastKnownFileType = sourcecode.c.objc; path = ReaderContentPage.m; sourceTree = "<group>"; };
		D02CB2EE19F01061003A23B8 /* ReaderContentTile.h */ = {isa = PBXFileReference; fileEncoding = 4; lastKnownFileType = sourcecode.c.h; path = ReaderContentTile.h; sourceTree = "<group>"; };
		D02CB2EF19F01061003A23B8 /* ReaderContentTile.m */ = {isa = PBXFileReference; fileEncoding = 4; lastKnownFileType = sourcecode.c.objc; path = ReaderContentTile.m; sourceTree = "<group>"; };
		D02CB2F019F01061003A23B8 /* ReaderContentView.h */ = {isa = PBXFileReference; fileEncoding = 4; lastKnownFileType = sourcecode.c.h; path = ReaderContentView.h; sourceTree = "<group>"; };
		D02CB2F119F01061003A23B8 /* ReaderContentView.m */ = {isa = PBXFileReference; fileEncoding = 4; lastKnownFileType = sourcecode.c.objc; path = ReaderContentView.m; sourceTree = "<group>"; };
		D02CB2F219F01061003A23B8 /* ReaderDocument.h */ = {isa = PBXFileReference; fileEncoding = 4; lastKnownFileType = sourcecode.c.h; path = ReaderDocument.h; sourceTree = "<group>"; };
		D02CB2F319F01061003A23B8 /* ReaderDocument.m */ = {isa = PBXFileReference; fileEncoding = 4; lastKnownFileType = sourcecode.c.objc; path = ReaderDocument.m; sourceTree = "<group>"; };
		D02CB2F419F01061003A23B8 /* ReaderMainPagebar.h */ = {isa = PBXFileReference; fileEncoding = 4; lastKnownFileType = sourcecode.c.h; path = ReaderMainPagebar.h; sourceTree = "<group>"; };
		D02CB2F519F01061003A23B8 /* ReaderMainPagebar.m */ = {isa = PBXFileReference; fileEncoding = 4; lastKnownFileType = sourcecode.c.objc; path = ReaderMainPagebar.m; sourceTree = "<group>"; };
		D02CB2F619F01061003A23B8 /* ReaderMainToolbar.h */ = {isa = PBXFileReference; fileEncoding = 4; lastKnownFileType = sourcecode.c.h; path = ReaderMainToolbar.h; sourceTree = "<group>"; };
		D02CB2F719F01061003A23B8 /* ReaderMainToolbar.m */ = {isa = PBXFileReference; fileEncoding = 4; lastKnownFileType = sourcecode.c.objc; path = ReaderMainToolbar.m; sourceTree = "<group>"; };
		D02CB2F819F01061003A23B8 /* ReaderThumbCache.h */ = {isa = PBXFileReference; fileEncoding = 4; lastKnownFileType = sourcecode.c.h; path = ReaderThumbCache.h; sourceTree = "<group>"; };
		D02CB2F919F01061003A23B8 /* ReaderThumbCache.m */ = {isa = PBXFileReference; fileEncoding = 4; lastKnownFileType = sourcecode.c.objc; path = ReaderThumbCache.m; sourceTree = "<group>"; };
		D02CB2FA19F01061003A23B8 /* ReaderThumbFetch.h */ = {isa = PBXFileReference; fileEncoding = 4; lastKnownFileType = sourcecode.c.h; path = ReaderThumbFetch.h; sourceTree = "<group>"; };
		D02CB2FB19F01061003A23B8 /* ReaderThumbFetch.m */ = {isa = PBXFileReference; fileEncoding = 4; lastKnownFileType = sourcecode.c.objc; path = ReaderThumbFetch.m; sourceTree = "<group>"; };
		D02CB2FC19F01061003A23B8 /* ReaderThumbQueue.h */ = {isa = PBXFileReference; fileEncoding = 4; lastKnownFileType = sourcecode.c.h; path = ReaderThumbQueue.h; sourceTree = "<group>"; };
		D02CB2FD19F01061003A23B8 /* ReaderThumbQueue.m */ = {isa = PBXFileReference; fileEncoding = 4; lastKnownFileType = sourcecode.c.objc; path = ReaderThumbQueue.m; sourceTree = "<group>"; };
		D02CB2FE19F01061003A23B8 /* ReaderThumbRender.h */ = {isa = PBXFileReference; fileEncoding = 4; lastKnownFileType = sourcecode.c.h; path = ReaderThumbRender.h; sourceTree = "<group>"; };
		D02CB2FF19F01061003A23B8 /* ReaderThumbRender.m */ = {isa = PBXFileReference; fileEncoding = 4; lastKnownFileType = sourcecode.c.objc; path = ReaderThumbRender.m; sourceTree = "<group>"; };
		D02CB30019F01061003A23B8 /* ReaderThumbRequest.h */ = {isa = PBXFileReference; fileEncoding = 4; lastKnownFileType = sourcecode.c.h; path = ReaderThumbRequest.h; sourceTree = "<group>"; };
		D02CB30119F01061003A23B8 /* ReaderThumbRequest.m */ = {isa = PBXFileReference; fileEncoding = 4; lastKnownFileType = sourcecode.c.objc; path = ReaderThumbRequest.m; sourceTree = "<group>"; };
		D02CB30219F01061003A23B8 /* ReaderThumbsView.h */ = {isa = PBXFileReference; fileEncoding = 4; lastKnownFileType = sourcecode.c.h; path = ReaderThumbsView.h; sourceTree = "<group>"; };
		D02CB30319F01061003A23B8 /* ReaderThumbsView.m */ = {isa = PBXFileReference; fileEncoding = 4; lastKnownFileType = sourcecode.c.objc; path = ReaderThumbsView.m; sourceTree = "<group>"; };
		D02CB30419F01061003A23B8 /* ReaderThumbView.h */ = {isa = PBXFileReference; fileEncoding = 4; lastKnownFileType = sourcecode.c.h; path = ReaderThumbView.h; sourceTree = "<group>"; };
		D02CB30519F01061003A23B8 /* ReaderThumbView.m */ = {isa = PBXFileReference; fileEncoding = 4; lastKnownFileType = sourcecode.c.objc; path = ReaderThumbView.m; sourceTree = "<group>"; };
		D02CB30619F01061003A23B8 /* ReaderViewController.h */ = {isa = PBXFileReference; fileEncoding = 4; lastKnownFileType = sourcecode.c.h; path = ReaderViewController.h; sourceTree = "<group>"; };
		D02CB30719F01061003A23B8 /* ReaderViewController.m */ = {isa = PBXFileReference; fileEncoding = 4; lastKnownFileType = sourcecode.c.objc; path = ReaderViewController.m; sourceTree = "<group>"; };
		D02CB30819F01061003A23B8 /* ThumbsMainToolbar.h */ = {isa = PBXFileReference; fileEncoding = 4; lastKnownFileType = sourcecode.c.h; path = ThumbsMainToolbar.h; sourceTree = "<group>"; };
		D02CB30919F01061003A23B8 /* ThumbsMainToolbar.m */ = {isa = PBXFileReference; fileEncoding = 4; lastKnownFileType = sourcecode.c.objc; path = ThumbsMainToolbar.m; sourceTree = "<group>"; };
		D02CB30A19F01061003A23B8 /* ThumbsViewController.h */ = {isa = PBXFileReference; fileEncoding = 4; lastKnownFileType = sourcecode.c.h; path = ThumbsViewController.h; sourceTree = "<group>"; };
		D02CB30B19F01061003A23B8 /* ThumbsViewController.m */ = {isa = PBXFileReference; fileEncoding = 4; lastKnownFileType = sourcecode.c.objc; path = ThumbsViewController.m; sourceTree = "<group>"; };
		D02CB30C19F01061003A23B8 /* UIXToolbarView.h */ = {isa = PBXFileReference; fileEncoding = 4; lastKnownFileType = sourcecode.c.h; path = UIXToolbarView.h; sourceTree = "<group>"; };
		D02CB30D19F01061003A23B8 /* UIXToolbarView.m */ = {isa = PBXFileReference; fileEncoding = 4; lastKnownFileType = sourcecode.c.objc; path = UIXToolbarView.m; sourceTree = "<group>"; };
		D02CB33419F08986003A23B8 /* Crashlytics.framework */ = {isa = PBXFileReference; lastKnownFileType = wrapper.framework; path = Crashlytics.framework; sourceTree = "<group>"; };
		D02EE1AB19EDFA7200DF7F5F /* CDSensor.h */ = {isa = PBXFileReference; fileEncoding = 4; lastKnownFileType = sourcecode.c.h; path = CDSensor.h; sourceTree = "<group>"; };
		D02EE1AC19EDFA7200DF7F5F /* CDSensor.m */ = {isa = PBXFileReference; fileEncoding = 4; lastKnownFileType = sourcecode.c.objc; path = CDSensor.m; sourceTree = "<group>"; };
		D05CCF8919ECCAFE00747064 /* OSRotateNavigationController.h */ = {isa = PBXFileReference; fileEncoding = 4; lastKnownFileType = sourcecode.c.h; path = OSRotateNavigationController.h; sourceTree = "<group>"; };
		D05CCF8A19ECCAFE00747064 /* OSRotateNavigationController.m */ = {isa = PBXFileReference; fileEncoding = 4; lastKnownFileType = sourcecode.c.objc; path = OSRotateNavigationController.m; sourceTree = "<group>"; };
		D05CCF8C19ECD88100747064 /* OSDummyViewController.h */ = {isa = PBXFileReference; fileEncoding = 4; lastKnownFileType = sourcecode.c.h; path = OSDummyViewController.h; sourceTree = "<group>"; };
		D05CCF8D19ECD88100747064 /* OSDummyViewController.m */ = {isa = PBXFileReference; fileEncoding = 4; lastKnownFileType = sourcecode.c.objc; path = OSDummyViewController.m; sourceTree = "<group>"; };
		D08964C119E67F2D00FFF5CE /* CDCalCheck.h */ = {isa = PBXFileReference; fileEncoding = 4; lastKnownFileType = sourcecode.c.h; path = CDCalCheck.h; sourceTree = "<group>"; };
		D08964C219E67F2D00FFF5CE /* CDCalCheck.m */ = {isa = PBXFileReference; fileEncoding = 4; lastKnownFileType = sourcecode.c.objc; path = CDCalCheck.m; sourceTree = "<group>"; };
		D08964C719E67F2E00FFF5CE /* CDCalibrationDate.h */ = {isa = PBXFileReference; fileEncoding = 4; lastKnownFileType = sourcecode.c.h; path = CDCalibrationDate.h; sourceTree = "<group>"; };
		D08964C819E67F2E00FFF5CE /* CDCalibrationDate.m */ = {isa = PBXFileReference; fileEncoding = 4; lastKnownFileType = sourcecode.c.objc; path = CDCalibrationDate.m; sourceTree = "<group>"; };
		D0BEAAE419D3B9CB00514B19 /* CalMaster.app */ = {isa = PBXFileReference; explicitFileType = wrapper.application; includeInIndex = 0; path = CalMaster.app; sourceTree = BUILT_PRODUCTS_DIR; };
		D0BEAAE719D3B9CB00514B19 /* Foundation.framework */ = {isa = PBXFileReference; lastKnownFileType = wrapper.framework; name = Foundation.framework; path = System/Library/Frameworks/Foundation.framework; sourceTree = SDKROOT; };
		D0BEAAE919D3B9CB00514B19 /* CoreGraphics.framework */ = {isa = PBXFileReference; lastKnownFileType = wrapper.framework; name = CoreGraphics.framework; path = System/Library/Frameworks/CoreGraphics.framework; sourceTree = SDKROOT; };
		D0BEAAEB19D3B9CB00514B19 /* UIKit.framework */ = {isa = PBXFileReference; lastKnownFileType = wrapper.framework; name = UIKit.framework; path = System/Library/Frameworks/UIKit.framework; sourceTree = SDKROOT; };
		D0BEAAEF19D3B9CB00514B19 /* OneScreen-Info.plist */ = {isa = PBXFileReference; lastKnownFileType = text.plist.xml; path = "OneScreen-Info.plist"; sourceTree = "<group>"; };
		D0BEAAF119D3B9CB00514B19 /* en */ = {isa = PBXFileReference; lastKnownFileType = text.plist.strings; name = en; path = en.lproj/InfoPlist.strings; sourceTree = "<group>"; };
		D0BEAAF319D3B9CB00514B19 /* main.m */ = {isa = PBXFileReference; lastKnownFileType = sourcecode.c.objc; path = main.m; sourceTree = "<group>"; };
		D0BEAAF519D3B9CB00514B19 /* OneScreen-Prefix.pch */ = {isa = PBXFileReference; lastKnownFileType = sourcecode.c.h; path = "OneScreen-Prefix.pch"; sourceTree = "<group>"; };
		D0BEAAF619D3B9CB00514B19 /* OSAppDelegate.h */ = {isa = PBXFileReference; lastKnownFileType = sourcecode.c.h; path = OSAppDelegate.h; sourceTree = "<group>"; };
		D0BEAAF719D3B9CB00514B19 /* OSAppDelegate.m */ = {isa = PBXFileReference; lastKnownFileType = sourcecode.c.objc; path = OSAppDelegate.m; sourceTree = "<group>"; };
		D0BEAAFA19D3B9CB00514B19 /* Base */ = {isa = PBXFileReference; lastKnownFileType = file.storyboard; name = Base; path = Base.lproj/Main_iPhone.storyboard; sourceTree = "<group>"; };
		D0BEAAFD19D3B9CB00514B19 /* Base */ = {isa = PBXFileReference; lastKnownFileType = file.storyboard; name = Base; path = Base.lproj/Main_iPad.storyboard; sourceTree = "<group>"; };
		D0BEAB0219D3B9CB00514B19 /* Images.xcassets */ = {isa = PBXFileReference; lastKnownFileType = folder.assetcatalog; path = Images.xcassets; sourceTree = "<group>"; };
		D0BEAB0819D3B9CB00514B19 /* OneScreenTests.xctest */ = {isa = PBXFileReference; explicitFileType = wrapper.cfbundle; includeInIndex = 0; path = OneScreenTests.xctest; sourceTree = BUILT_PRODUCTS_DIR; };
		D0BEAB0919D3B9CB00514B19 /* XCTest.framework */ = {isa = PBXFileReference; lastKnownFileType = wrapper.framework; name = XCTest.framework; path = Library/Frameworks/XCTest.framework; sourceTree = DEVELOPER_DIR; };
		D0BEAB1119D3B9CB00514B19 /* OneScreenTests-Info.plist */ = {isa = PBXFileReference; lastKnownFileType = text.plist.xml; path = "OneScreenTests-Info.plist"; sourceTree = "<group>"; };
		D0BEAB1319D3B9CB00514B19 /* en */ = {isa = PBXFileReference; lastKnownFileType = text.plist.strings; name = en; path = en.lproj/InfoPlist.strings; sourceTree = "<group>"; };
		D0BEAB1519D3B9CB00514B19 /* OneScreenTests.m */ = {isa = PBXFileReference; lastKnownFileType = sourcecode.c.objc; path = OneScreenTests.m; sourceTree = "<group>"; };
		D0BEAB2119D3BA7500514B19 /* JSON.h */ = {isa = PBXFileReference; fileEncoding = 4; lastKnownFileType = sourcecode.c.h; path = JSON.h; sourceTree = "<group>"; };
		D0BEAB2219D3BA7500514B19 /* NSObject+SBJSON.h */ = {isa = PBXFileReference; fileEncoding = 4; lastKnownFileType = sourcecode.c.h; path = "NSObject+SBJSON.h"; sourceTree = "<group>"; };
		D0BEAB2319D3BA7500514B19 /* NSObject+SBJSON.m */ = {isa = PBXFileReference; fileEncoding = 4; lastKnownFileType = sourcecode.c.objc; path = "NSObject+SBJSON.m"; sourceTree = "<group>"; };
		D0BEAB2419D3BA7500514B19 /* NSString+SBJSON.h */ = {isa = PBXFileReference; fileEncoding = 4; lastKnownFileType = sourcecode.c.h; path = "NSString+SBJSON.h"; sourceTree = "<group>"; };
		D0BEAB2519D3BA7500514B19 /* NSString+SBJSON.m */ = {isa = PBXFileReference; fileEncoding = 4; lastKnownFileType = sourcecode.c.objc; path = "NSString+SBJSON.m"; sourceTree = "<group>"; };
		D0BEAB2619D3BA7500514B19 /* SBJSON.h */ = {isa = PBXFileReference; fileEncoding = 4; lastKnownFileType = sourcecode.c.h; path = SBJSON.h; sourceTree = "<group>"; };
		D0BEAB2719D3BA7500514B19 /* SBJSON.m */ = {isa = PBXFileReference; fileEncoding = 4; lastKnownFileType = sourcecode.c.objc; path = SBJSON.m; sourceTree = "<group>"; };
		D0BEAB2819D3BA7500514B19 /* SBJsonBase.h */ = {isa = PBXFileReference; fileEncoding = 4; lastKnownFileType = sourcecode.c.h; path = SBJsonBase.h; sourceTree = "<group>"; };
		D0BEAB2919D3BA7500514B19 /* SBJsonBase.m */ = {isa = PBXFileReference; fileEncoding = 4; lastKnownFileType = sourcecode.c.objc; path = SBJsonBase.m; sourceTree = "<group>"; };
		D0BEAB2A19D3BA7500514B19 /* SBJsonParser.h */ = {isa = PBXFileReference; fileEncoding = 4; lastKnownFileType = sourcecode.c.h; path = SBJsonParser.h; sourceTree = "<group>"; };
		D0BEAB2B19D3BA7500514B19 /* SBJsonParser.m */ = {isa = PBXFileReference; fileEncoding = 4; lastKnownFileType = sourcecode.c.objc; path = SBJsonParser.m; sourceTree = "<group>"; };
		D0BEAB2C19D3BA7500514B19 /* SBJsonWriter.h */ = {isa = PBXFileReference; fileEncoding = 4; lastKnownFileType = sourcecode.c.h; path = SBJsonWriter.h; sourceTree = "<group>"; };
		D0BEAB2D19D3BA7500514B19 /* SBJsonWriter.m */ = {isa = PBXFileReference; fileEncoding = 4; lastKnownFileType = sourcecode.c.objc; path = SBJsonWriter.m; sourceTree = "<group>"; };
		D0BEAB2F19D3BA7500514B19 /* LROAuth2AccessToken.h */ = {isa = PBXFileReference; fileEncoding = 4; lastKnownFileType = sourcecode.c.h; path = LROAuth2AccessToken.h; sourceTree = "<group>"; };
		D0BEAB3019D3BA7500514B19 /* LROAuth2AccessToken.m */ = {isa = PBXFileReference; fileEncoding = 4; lastKnownFileType = sourcecode.c.objc; path = LROAuth2AccessToken.m; sourceTree = "<group>"; };
		D0BEAB3119D3BA7500514B19 /* LROAuth2Client.h */ = {isa = PBXFileReference; fileEncoding = 4; lastKnownFileType = sourcecode.c.h; path = LROAuth2Client.h; sourceTree = "<group>"; };
		D0BEAB3219D3BA7500514B19 /* LROAuth2Client.m */ = {isa = PBXFileReference; fileEncoding = 4; lastKnownFileType = sourcecode.c.objc; path = LROAuth2Client.m; sourceTree = "<group>"; };
		D0BEAB3319D3BA7500514B19 /* LROAuth2ClientDelegate.h */ = {isa = PBXFileReference; fileEncoding = 4; lastKnownFileType = sourcecode.c.h; path = LROAuth2ClientDelegate.h; sourceTree = "<group>"; };
		D0BEAB3419D3BA7500514B19 /* LRURLRequestOperation.h */ = {isa = PBXFileReference; fileEncoding = 4; lastKnownFileType = sourcecode.c.h; path = LRURLRequestOperation.h; sourceTree = "<group>"; };
		D0BEAB3519D3BA7500514B19 /* LRURLRequestOperation.m */ = {isa = PBXFileReference; fileEncoding = 4; lastKnownFileType = sourcecode.c.objc; path = LRURLRequestOperation.m; sourceTree = "<group>"; };
		D0BEAB3619D3BA7500514B19 /* NSDictionary+QueryString.h */ = {isa = PBXFileReference; fileEncoding = 4; lastKnownFileType = sourcecode.c.h; path = "NSDictionary+QueryString.h"; sourceTree = "<group>"; };
		D0BEAB3719D3BA7500514B19 /* NSDictionary+QueryString.m */ = {isa = PBXFileReference; fileEncoding = 4; lastKnownFileType = sourcecode.c.objc; path = "NSDictionary+QueryString.m"; sourceTree = "<group>"; };
		D0BEAB3819D3BA7500514B19 /* NSString+QueryString.h */ = {isa = PBXFileReference; fileEncoding = 4; lastKnownFileType = sourcecode.c.h; path = "NSString+QueryString.h"; sourceTree = "<group>"; };
		D0BEAB3919D3BA7500514B19 /* NSString+QueryString.m */ = {isa = PBXFileReference; fileEncoding = 4; lastKnownFileType = sourcecode.c.objc; path = "NSString+QueryString.m"; sourceTree = "<group>"; };
		D0BEAB3A19D3BA7500514B19 /* NSURL+QueryInspector.h */ = {isa = PBXFileReference; fileEncoding = 4; lastKnownFileType = sourcecode.c.h; path = "NSURL+QueryInspector.h"; sourceTree = "<group>"; };
		D0BEAB3B19D3BA7500514B19 /* NSURL+QueryInspector.m */ = {isa = PBXFileReference; fileEncoding = 4; lastKnownFileType = sourcecode.c.objc; path = "NSURL+QueryInspector.m"; sourceTree = "<group>"; };
		D0BEAB3C19D3BA7500514B19 /* OAuthCredentials.h */ = {isa = PBXFileReference; fileEncoding = 4; lastKnownFileType = sourcecode.c.h; path = OAuthCredentials.h; sourceTree = "<group>"; };
		D0BEAB4A19D3BB4400514B19 /* EmulatorReadingParser.h */ = {isa = PBXFileReference; fileEncoding = 4; lastKnownFileType = sourcecode.c.h; path = EmulatorReadingParser.h; sourceTree = "<group>"; };
		D0BEAB4B19D3BB4400514B19 /* EmulatorReadingParser.m */ = {isa = PBXFileReference; fileEncoding = 4; lastKnownFileType = sourcecode.c.objc; path = EmulatorReadingParser.m; sourceTree = "<group>"; };
		D0BEAB4C19D3BB4400514B19 /* ScanManager.h */ = {isa = PBXFileReference; fileEncoding = 4; lastKnownFileType = sourcecode.c.h; path = ScanManager.h; sourceTree = "<group>"; };
		D0BEAB4D19D3BB4400514B19 /* ScanManager.m */ = {isa = PBXFileReference; fileEncoding = 4; lastKnownFileType = sourcecode.c.objc; path = ScanManager.m; sourceTree = "<group>"; };
		D0BEAB4E19D3BB4400514B19 /* ScanManagerDelegate.h */ = {isa = PBXFileReference; fileEncoding = 4; lastKnownFileType = sourcecode.c.h; path = ScanManagerDelegate.h; sourceTree = "<group>"; };
		D0BEAB4F19D3BB4400514B19 /* SensorReadingParser.h */ = {isa = PBXFileReference; fileEncoding = 4; lastKnownFileType = sourcecode.c.h; path = SensorReadingParser.h; sourceTree = "<group>"; };
		D0BEAB5019D3BB4400514B19 /* SensorReadingParser.m */ = {isa = PBXFileReference; fileEncoding = 4; lastKnownFileType = sourcecode.c.objc; path = SensorReadingParser.m; sourceTree = "<group>"; };
		D0BEAB5919D3BBC700514B19 /* OSConstants.h */ = {isa = PBXFileReference; lastKnownFileType = sourcecode.c.h; path = OSConstants.h; sourceTree = "<group>"; };
		D0BEAB5B19D3BD2F00514B19 /* NSDate+String.h */ = {isa = PBXFileReference; fileEncoding = 4; lastKnownFileType = sourcecode.c.h; path = "NSDate+String.h"; sourceTree = "<group>"; };
		D0BEAB5C19D3BD2F00514B19 /* NSDate+String.m */ = {isa = PBXFileReference; fileEncoding = 4; lastKnownFileType = sourcecode.c.objc; path = "NSDate+String.m"; sourceTree = "<group>"; };
		D0BEAB6019D3CC5D00514B19 /* ServerGateway.h */ = {isa = PBXFileReference; fileEncoding = 4; lastKnownFileType = sourcecode.c.h; path = ServerGateway.h; sourceTree = "<group>"; };
		D0BEAB6119D3CC5D00514B19 /* ServerGateway.m */ = {isa = PBXFileReference; fileEncoding = 4; lastKnownFileType = sourcecode.c.objc; path = ServerGateway.m; sourceTree = "<group>"; };
		D0BEAB6219D3CC5D00514B19 /* ServerGatewayDelegate.h */ = {isa = PBXFileReference; fileEncoding = 4; lastKnownFileType = sourcecode.c.h; path = ServerGatewayDelegate.h; sourceTree = "<group>"; };
		D0BEAB6419D3CC5D00514B19 /* ServerManager.h */ = {isa = PBXFileReference; fileEncoding = 4; lastKnownFileType = sourcecode.c.h; path = ServerManager.h; sourceTree = "<group>"; };
		D0BEAB6519D3CC5D00514B19 /* ServerManager.m */ = {isa = PBXFileReference; fileEncoding = 4; lastKnownFileType = sourcecode.c.objc; path = ServerManager.m; sourceTree = "<group>"; };
		D0BEAB6619D3CC5D00514B19 /* ServerManagerDelegate.h */ = {isa = PBXFileReference; fileEncoding = 4; lastKnownFileType = sourcecode.c.h; path = ServerManagerDelegate.h; sourceTree = "<group>"; };
		D0BEAB6A19D3CD0200514B19 /* SFHFKeychainUtils.h */ = {isa = PBXFileReference; fileEncoding = 4; lastKnownFileType = sourcecode.c.h; path = SFHFKeychainUtils.h; sourceTree = "<group>"; };
		D0BEAB6B19D3CD0200514B19 /* SFHFKeychainUtils.m */ = {isa = PBXFileReference; fileEncoding = 4; lastKnownFileType = sourcecode.c.objc; path = SFHFKeychainUtils.m; sourceTree = "<group>"; };
		D0D5D30019E3761C005FF944 /* libTestFlight.a */ = {isa = PBXFileReference; lastKnownFileType = archive.ar; path = libTestFlight.a; sourceTree = "<group>"; };
		D0D5D30119E3761C005FF944 /* TestFlight+AsyncLogging.h */ = {isa = PBXFileReference; fileEncoding = 4; lastKnownFileType = sourcecode.c.h; path = "TestFlight+AsyncLogging.h"; sourceTree = "<group>"; };
		D0D5D30219E3761C005FF944 /* TestFlight+ManualSessions.h */ = {isa = PBXFileReference; fileEncoding = 4; lastKnownFileType = sourcecode.c.h; path = "TestFlight+ManualSessions.h"; sourceTree = "<group>"; };
		D0D5D30319E3761C005FF944 /* TestFlight.h */ = {isa = PBXFileReference; fileEncoding = 4; lastKnownFileType = sourcecode.c.h; path = TestFlight.h; sourceTree = "<group>"; };
		D0D5D30519E37708005FF944 /* libz.dylib */ = {isa = PBXFileReference; lastKnownFileType = "compiled.mach-o.dylib"; name = libz.dylib; path = usr/lib/libz.dylib; sourceTree = SDKROOT; };
		D0E505A419E88F0600B2E45C /* OSSensorCell.h */ = {isa = PBXFileReference; fileEncoding = 4; lastKnownFileType = sourcecode.c.h; path = OSSensorCell.h; sourceTree = "<group>"; };
		D0E505A519E88F0600B2E45C /* OSSensorCell.m */ = {isa = PBXFileReference; fileEncoding = 4; lastKnownFileType = sourcecode.c.objc; path = OSSensorCell.m; sourceTree = "<group>"; };
		D0F984ED19D8A358003B2E74 /* BebasNeue.ttf */ = {isa = PBXFileReference; lastKnownFileType = file; path = BebasNeue.ttf; sourceTree = "<group>"; };
		D0F984EE19D8A358003B2E74 /* Bell MT.ttf */ = {isa = PBXFileReference; lastKnownFileType = file; path = "Bell MT.ttf"; sourceTree = "<group>"; };
		D0F984EF19D8A358003B2E74 /* MyriadPro-Bold.ttf */ = {isa = PBXFileReference; lastKnownFileType = file; path = "MyriadPro-Bold.ttf"; sourceTree = "<group>"; };
		D0F984F019D8A358003B2E74 /* MyriadPro-BoldCond.ttf */ = {isa = PBXFileReference; lastKnownFileType = file; path = "MyriadPro-BoldCond.ttf"; sourceTree = "<group>"; };
		D0F984F119D8A358003B2E74 /* MyriadPro-It.ttf */ = {isa = PBXFileReference; lastKnownFileType = file; path = "MyriadPro-It.ttf"; sourceTree = "<group>"; };
		D0F984F219D8A358003B2E74 /* MyriadPro-Regular.ttf */ = {isa = PBXFileReference; lastKnownFileType = file; path = "MyriadPro-Regular.ttf"; sourceTree = "<group>"; };
		D0F984FB19D8A8AA003B2E74 /* Model.xcdatamodel */ = {isa = PBXFileReference; lastKnownFileType = wrapper.xcdatamodel; path = Model.xcdatamodel; sourceTree = "<group>"; };
		D0F9850019D8AA74003B2E74 /* OSModelManager.h */ = {isa = PBXFileReference; fileEncoding = 4; lastKnownFileType = sourcecode.c.h; path = OSModelManager.h; sourceTree = "<group>"; };
		D0F9850119D8AA74003B2E74 /* OSModelManager.m */ = {isa = PBXFileReference; fileEncoding = 4; lastKnownFileType = sourcecode.c.objc; path = OSModelManager.m; sourceTree = "<group>"; };
/* End PBXFileReference section */

/* Begin PBXFrameworksBuildPhase section */
		D0BEAAE119D3B9CB00514B19 /* Frameworks */ = {
			isa = PBXFrameworksBuildPhase;
			buildActionMask = 2147483647;
			files = (
				D0D5D30619E37708005FF944 /* libz.dylib in Frameworks */,
				D0BEAAEA19D3B9CB00514B19 /* CoreGraphics.framework in Frameworks */,
				D0BEAAEC19D3B9CB00514B19 /* UIKit.framework in Frameworks */,
				D0BEAAE819D3B9CB00514B19 /* Foundation.framework in Frameworks */,
				D02CB33519F08986003A23B8 /* Crashlytics.framework in Frameworks */,
				D0D5D30419E3761C005FF944 /* libTestFlight.a in Frameworks */,
			);
			runOnlyForDeploymentPostprocessing = 0;
		};
		D0BEAB0519D3B9CB00514B19 /* Frameworks */ = {
			isa = PBXFrameworksBuildPhase;
			buildActionMask = 2147483647;
			files = (
				D0BEAB0A19D3B9CB00514B19 /* XCTest.framework in Frameworks */,
				D0BEAB0C19D3B9CB00514B19 /* UIKit.framework in Frameworks */,
				D0BEAB0B19D3B9CB00514B19 /* Foundation.framework in Frameworks */,
			);
			runOnlyForDeploymentPostprocessing = 0;
		};
/* End PBXFrameworksBuildPhase section */

/* Begin PBXGroup section */
		D005B7A319E5E8670073336A /* Certification */ = {
			isa = PBXGroup;
			children = (
				D005B7AE19E5E87E0073336A /* OSCertificationManager.h */,
				D005B7AF19E5E87E0073336A /* OSCertificationManager.m */,
			);
			path = Certification;
			sourceTree = "<group>";
		};
		D005B7A419E5E8670073336A /* ViewControllers */ = {
			isa = PBXGroup;
			children = (
				D0E505A419E88F0600B2E45C /* OSSensorCell.h */,
				D0E505A519E88F0600B2E45C /* OSSensorCell.m */,
				D005B7A519E5E8670073336A /* OSSaltsCell.h */,
				D005B7A619E5E8670073336A /* OSSaltsCell.m */,
				D005B7A919E5E8670073336A /* OSViewController.h */,
				D005B7AA19E5E8670073336A /* OSViewController.m */,
				D005B7A719E5E8670073336A /* OSSensorInventoryTableViewController.h */,
				D005B7A819E5E8670073336A /* OSSensorInventoryTableViewController.m */,
			);
			path = ViewControllers;
			sourceTree = "<group>";
		};
		D005B7B419E5EB4C0073336A /* Expiration */ = {
			isa = PBXGroup;
			children = (
				D005B7B519E5EB5E0073336A /* OSExpirationManager.h */,
				D005B7B619E5EB5E0073336A /* OSExpirationManager.m */,
			);
			path = Expiration;
			sourceTree = "<group>";
		};
		D00DB25119D50CB400C62136 /* Helper */ = {
			isa = PBXGroup;
			children = (
				D00A8FAF19E4A66C00A4A95C /* UIManager.h */,
				D00A8FB019E4A66C00A4A95C /* UIManager.m */,
				D00A8FA919E4A64C00A4A95C /* PushAnimatedTransitioning.h */,
				D00A8FAA19E4A64C00A4A95C /* PushAnimatedTransitioning.m */,
				D00A8FAB19E4A64C00A4A95C /* PushTransitioningDelegate.h */,
				D00A8FAC19E4A64C00A4A95C /* PushTransitioningDelegate.m */,
				D00DB25219D50CC500C62136 /* OSTemperatureHelper.h */,
				D00DB25319D50CC500C62136 /* OSTemperatureHelper.m */,
				D05CCF8919ECCAFE00747064 /* OSRotateNavigationController.h */,
				D05CCF8A19ECCAFE00747064 /* OSRotateNavigationController.m */,
				D05CCF8C19ECD88100747064 /* OSDummyViewController.h */,
				D05CCF8D19ECD88100747064 /* OSDummyViewController.m */,
			);
			path = Helper;
			sourceTree = "<group>";
		};
		D01A314019DD3D3D008C924F /* SaltSolution */ = {
			isa = PBXGroup;
			children = (
				D01A314119DD3D49008C924F /* OSSaltSolutionManager.h */,
				D01A314219DD3D49008C924F /* OSSaltSolutionManager.m */,
				D01A314419DD479C008C924F /* OSSaltSolution.h */,
				D01A314519DD479C008C924F /* OSSaltSolution.m */,
			);
			path = SaltSolution;
			sourceTree = "<group>";
		};
		D022423719DB373E002B0E6D /* iToast */ = {
			isa = PBXGroup;
			children = (
				D022423819DB373E002B0E6D /* iToast.h */,
				D022423919DB373E002B0E6D /* iToast.m */,
			);
			path = iToast;
			sourceTree = "<group>";
		};
		D02A36B619EED4E300322C00 /* Report */ = {
			isa = PBXGroup;
			children = (
				D02A36B719EED4F500322C00 /* OSReportManager.h */,
				D02A36B819EED4F500322C00 /* OSReportManager.m */,
			);
			path = Report;
			sourceTree = "<group>";
		};
		D02CB2D319F01061003A23B8 /* pdfviewer */ = {
			isa = PBXGroup;
			children = (
				D02CB2D419F01061003A23B8 /* Graphics */,
				D02CB2E719F01061003A23B8 /* Sources */,
			);
			path = pdfviewer;
			sourceTree = "<group>";
		};
		D02CB2D419F01061003A23B8 /* Graphics */ = {
			isa = PBXGroup;
			children = (
				D02CB2D519F01061003A23B8 /* AppIcon-057.png */,
				D02CB2D619F01061003A23B8 /* AppIcon-072.png */,
				D02CB2D719F01061003A23B8 /* AppIcon-114.png */,
				D02CB2D819F01061003A23B8 /* AppIcon-144.png */,
				D02CB2D919F01061003A23B8 /* Reader-Button-H.png */,
				D02CB2DA19F01061003A23B8 /* Reader-Button-H@2x.png */,
				D02CB2DB19F01061003A23B8 /* Reader-Button-N.png */,
				D02CB2DC19F01061003A23B8 /* Reader-Button-N@2x.png */,
				D02CB2DD19F01061003A23B8 /* Reader-Email.png */,
				D02CB2DE19F01061003A23B8 /* Reader-Email@2x.png */,
				D02CB2DF19F01061003A23B8 /* Reader-Mark-N.png */,
				D02CB2E019F01061003A23B8 /* Reader-Mark-N@2x.png */,
				D02CB2E119F01061003A23B8 /* Reader-Mark-Y.png */,
				D02CB2E219F01061003A23B8 /* Reader-Mark-Y@2x.png */,
				D02CB2E319F01061003A23B8 /* Reader-Print.png */,
				D02CB2E419F01061003A23B8 /* Reader-Print@2x.png */,
				D02CB2E519F01061003A23B8 /* Reader-Thumbs.png */,
				D02CB2E619F01061003A23B8 /* Reader-Thumbs@2x.png */,
			);
			path = Graphics;
			sourceTree = "<group>";
		};
		D02CB2E719F01061003A23B8 /* Sources */ = {
			isa = PBXGroup;
			children = (
				D02CB2E819F01061003A23B8 /* CGPDFDocument.h */,
				D02CB2E919F01061003A23B8 /* CGPDFDocument.m */,
				D02CB2EA19F01061003A23B8 /* ReaderConstants.h */,
				D02CB2EB19F01061003A23B8 /* ReaderConstants.m */,
				D02CB2EC19F01061003A23B8 /* ReaderContentPage.h */,
				D02CB2ED19F01061003A23B8 /* ReaderContentPage.m */,
				D02CB2EE19F01061003A23B8 /* ReaderContentTile.h */,
				D02CB2EF19F01061003A23B8 /* ReaderContentTile.m */,
				D02CB2F019F01061003A23B8 /* ReaderContentView.h */,
				D02CB2F119F01061003A23B8 /* ReaderContentView.m */,
				D02CB2F219F01061003A23B8 /* ReaderDocument.h */,
				D02CB2F319F01061003A23B8 /* ReaderDocument.m */,
				D02CB2F419F01061003A23B8 /* ReaderMainPagebar.h */,
				D02CB2F519F01061003A23B8 /* ReaderMainPagebar.m */,
				D02CB2F619F01061003A23B8 /* ReaderMainToolbar.h */,
				D02CB2F719F01061003A23B8 /* ReaderMainToolbar.m */,
				D02CB2F819F01061003A23B8 /* ReaderThumbCache.h */,
				D02CB2F919F01061003A23B8 /* ReaderThumbCache.m */,
				D02CB2FA19F01061003A23B8 /* ReaderThumbFetch.h */,
				D02CB2FB19F01061003A23B8 /* ReaderThumbFetch.m */,
				D02CB2FC19F01061003A23B8 /* ReaderThumbQueue.h */,
				D02CB2FD19F01061003A23B8 /* ReaderThumbQueue.m */,
				D02CB2FE19F01061003A23B8 /* ReaderThumbRender.h */,
				D02CB2FF19F01061003A23B8 /* ReaderThumbRender.m */,
				D02CB30019F01061003A23B8 /* ReaderThumbRequest.h */,
				D02CB30119F01061003A23B8 /* ReaderThumbRequest.m */,
				D02CB30219F01061003A23B8 /* ReaderThumbsView.h */,
				D02CB30319F01061003A23B8 /* ReaderThumbsView.m */,
				D02CB30419F01061003A23B8 /* ReaderThumbView.h */,
				D02CB30519F01061003A23B8 /* ReaderThumbView.m */,
				D02CB30619F01061003A23B8 /* ReaderViewController.h */,
				D02CB30719F01061003A23B8 /* ReaderViewController.m */,
				D02CB30819F01061003A23B8 /* ThumbsMainToolbar.h */,
				D02CB30919F01061003A23B8 /* ThumbsMainToolbar.m */,
				D02CB30A19F01061003A23B8 /* ThumbsViewController.h */,
				D02CB30B19F01061003A23B8 /* ThumbsViewController.m */,
				D02CB30C19F01061003A23B8 /* UIXToolbarView.h */,
				D02CB30D19F01061003A23B8 /* UIXToolbarView.m */,
			);
			path = Sources;
			sourceTree = "<group>";
		};
		D08964C019E67F1B00FFF5CE /* Entity */ = {
			isa = PBXGroup;
			children = (
				D08964C719E67F2E00FFF5CE /* CDCalibrationDate.h */,
				D08964C819E67F2E00FFF5CE /* CDCalibrationDate.m */,
				D08964C119E67F2D00FFF5CE /* CDCalCheck.h */,
				D08964C219E67F2D00FFF5CE /* CDCalCheck.m */,
				D02EE1AB19EDFA7200DF7F5F /* CDSensor.h */,
				D02EE1AC19EDFA7200DF7F5F /* CDSensor.m */,
			);
			path = Entity;
			sourceTree = "<group>";
		};
		D0BEAADB19D3B9CB00514B19 = {
			isa = PBXGroup;
			children = (
				D0BEAB1F19D3BA7500514B19 /* Library */,
				D0BEAAED19D3B9CB00514B19 /* OneScreen */,
				D0BEAB0F19D3B9CB00514B19 /* OneScreenTests */,
				D0BEAAE619D3B9CB00514B19 /* Frameworks */,
				D0BEAAE519D3B9CB00514B19 /* Products */,
			);
			sourceTree = "<group>";
		};
		D0BEAAE519D3B9CB00514B19 /* Products */ = {
			isa = PBXGroup;
			children = (
				D0BEAAE419D3B9CB00514B19 /* CalMaster.app */,
				D0BEAB0819D3B9CB00514B19 /* OneScreenTests.xctest */,
			);
			name = Products;
			sourceTree = "<group>";
		};
		D0BEAAE619D3B9CB00514B19 /* Frameworks */ = {
			isa = PBXGroup;
			children = (
				D02CB33419F08986003A23B8 /* Crashlytics.framework */,
				D0D5D30519E37708005FF944 /* libz.dylib */,
				D0BEAAE719D3B9CB00514B19 /* Foundation.framework */,
				D0BEAAE919D3B9CB00514B19 /* CoreGraphics.framework */,
				D0BEAAEB19D3B9CB00514B19 /* UIKit.framework */,
				D0BEAB0919D3B9CB00514B19 /* XCTest.framework */,
			);
			name = Frameworks;
			sourceTree = "<group>";
		};
		D0BEAAED19D3B9CB00514B19 /* OneScreen */ = {
			isa = PBXGroup;
			children = (
				D02A36B619EED4E300322C00 /* Report */,
				D005B7B419E5EB4C0073336A /* Expiration */,
				D005B7A319E5E8670073336A /* Certification */,
				D01A314019DD3D3D008C924F /* SaltSolution */,
				D0F984F919D8A89D003B2E74 /* CoreData */,
				D0F984EC19D8A358003B2E74 /* customfonts */,
				D00DB25119D50CB400C62136 /* Helper */,
				D0BEAB5E19D3CC5D00514B19 /* Network */,
				D005B7A419E5E8670073336A /* ViewControllers */,
				D0BEAB5A19D3BC1800514B19 /* Categories */,
				D0BEAB5819D3BBAE00514B19 /* Define */,
				D0BEAB4919D3BB4400514B19 /* Scan */,
				D0BEAAF619D3B9CB00514B19 /* OSAppDelegate.h */,
				D0BEAAF719D3B9CB00514B19 /* OSAppDelegate.m */,
				D0BEAAF919D3B9CB00514B19 /* Main_iPhone.storyboard */,
				D0BEAAFC19D3B9CB00514B19 /* Main_iPad.storyboard */,
				D0BEAB0219D3B9CB00514B19 /* Images.xcassets */,
				D0BEAAEE19D3B9CB00514B19 /* Supporting Files */,
			);
			path = OneScreen;
			sourceTree = "<group>";
		};
		D0BEAAEE19D3B9CB00514B19 /* Supporting Files */ = {
			isa = PBXGroup;
			children = (
				D0BEAAEF19D3B9CB00514B19 /* OneScreen-Info.plist */,
				D0BEAAF019D3B9CB00514B19 /* InfoPlist.strings */,
				D0BEAAF319D3B9CB00514B19 /* main.m */,
				D0BEAAF519D3B9CB00514B19 /* OneScreen-Prefix.pch */,
			);
			name = "Supporting Files";
			sourceTree = "<group>";
		};
		D0BEAB0F19D3B9CB00514B19 /* OneScreenTests */ = {
			isa = PBXGroup;
			children = (
				D0BEAB1519D3B9CB00514B19 /* OneScreenTests.m */,
				D0BEAB1019D3B9CB00514B19 /* Supporting Files */,
			);
			path = OneScreenTests;
			sourceTree = "<group>";
		};
		D0BEAB1019D3B9CB00514B19 /* Supporting Files */ = {
			isa = PBXGroup;
			children = (
				D0BEAB1119D3B9CB00514B19 /* OneScreenTests-Info.plist */,
				D0BEAB1219D3B9CB00514B19 /* InfoPlist.strings */,
			);
			name = "Supporting Files";
			sourceTree = "<group>";
		};
		D0BEAB1F19D3BA7500514B19 /* Library */ = {
			isa = PBXGroup;
			children = (
				D02CB2D319F01061003A23B8 /* pdfviewer */,
				D0D5D2FF19E3761C005FF944 /* TestFlight */,
				D022423719DB373E002B0E6D /* iToast */,
				D0BEAB6919D3CD0200514B19 /* SFHFKeychainUtils */,
				D0BEAB2019D3BA7500514B19 /* JSON */,
				D0BEAB2E19D3BA7500514B19 /* LROAuth2 */,
			);
			path = Library;
			sourceTree = "<group>";
		};
		D0BEAB2019D3BA7500514B19 /* JSON */ = {
			isa = PBXGroup;
			children = (
				D0BEAB2119D3BA7500514B19 /* JSON.h */,
				D0BEAB2219D3BA7500514B19 /* NSObject+SBJSON.h */,
				D0BEAB2319D3BA7500514B19 /* NSObject+SBJSON.m */,
				D0BEAB2419D3BA7500514B19 /* NSString+SBJSON.h */,
				D0BEAB2519D3BA7500514B19 /* NSString+SBJSON.m */,
				D0BEAB2619D3BA7500514B19 /* SBJSON.h */,
				D0BEAB2719D3BA7500514B19 /* SBJSON.m */,
				D0BEAB2819D3BA7500514B19 /* SBJsonBase.h */,
				D0BEAB2919D3BA7500514B19 /* SBJsonBase.m */,
				D0BEAB2A19D3BA7500514B19 /* SBJsonParser.h */,
				D0BEAB2B19D3BA7500514B19 /* SBJsonParser.m */,
				D0BEAB2C19D3BA7500514B19 /* SBJsonWriter.h */,
				D0BEAB2D19D3BA7500514B19 /* SBJsonWriter.m */,
			);
			path = JSON;
			sourceTree = "<group>";
		};
		D0BEAB2E19D3BA7500514B19 /* LROAuth2 */ = {
			isa = PBXGroup;
			children = (
				D0BEAB2F19D3BA7500514B19 /* LROAuth2AccessToken.h */,
				D0BEAB3019D3BA7500514B19 /* LROAuth2AccessToken.m */,
				D0BEAB3119D3BA7500514B19 /* LROAuth2Client.h */,
				D0BEAB3219D3BA7500514B19 /* LROAuth2Client.m */,
				D0BEAB3319D3BA7500514B19 /* LROAuth2ClientDelegate.h */,
				D0BEAB3419D3BA7500514B19 /* LRURLRequestOperation.h */,
				D0BEAB3519D3BA7500514B19 /* LRURLRequestOperation.m */,
				D0BEAB3619D3BA7500514B19 /* NSDictionary+QueryString.h */,
				D0BEAB3719D3BA7500514B19 /* NSDictionary+QueryString.m */,
				D0BEAB3819D3BA7500514B19 /* NSString+QueryString.h */,
				D0BEAB3919D3BA7500514B19 /* NSString+QueryString.m */,
				D0BEAB3A19D3BA7500514B19 /* NSURL+QueryInspector.h */,
				D0BEAB3B19D3BA7500514B19 /* NSURL+QueryInspector.m */,
				D0BEAB3C19D3BA7500514B19 /* OAuthCredentials.h */,
			);
			path = LROAuth2;
			sourceTree = "<group>";
		};
		D0BEAB4919D3BB4400514B19 /* Scan */ = {
			isa = PBXGroup;
			children = (
				D0BEAB4A19D3BB4400514B19 /* EmulatorReadingParser.h */,
				D0BEAB4B19D3BB4400514B19 /* EmulatorReadingParser.m */,
				D0BEAB4C19D3BB4400514B19 /* ScanManager.h */,
				D0BEAB4D19D3BB4400514B19 /* ScanManager.m */,
				D0BEAB4E19D3BB4400514B19 /* ScanManagerDelegate.h */,
				D0BEAB4F19D3BB4400514B19 /* SensorReadingParser.h */,
				D0BEAB5019D3BB4400514B19 /* SensorReadingParser.m */,
			);
			path = Scan;
			sourceTree = "<group>";
		};
		D0BEAB5819D3BBAE00514B19 /* Define */ = {
			isa = PBXGroup;
			children = (
				D0BEAB5919D3BBC700514B19 /* OSConstants.h */,
				D00DB25019D50C6700C62136 /* OSDefine.h */,
			);
			path = Define;
			sourceTree = "<group>";
		};
		D0BEAB5A19D3BC1800514B19 /* Categories */ = {
			isa = PBXGroup;
			children = (
				D005B7B119E5EA6A0073336A /* NSDate+convenience.h */,
				D005B7B219E5EA6A0073336A /* NSDate+convenience.m */,
				D0BEAB5B19D3BD2F00514B19 /* NSDate+String.h */,
				D0BEAB5C19D3BD2F00514B19 /* NSDate+String.m */,
				D01D6E6719DCC34300EF4B37 /* NSString+UrlEncoding.h */,
				D01D6E6819DCC34300EF4B37 /* NSString+UrlEncoding.m */,
			);
			path = Categories;
			sourceTree = "<group>";
		};
		D0BEAB5E19D3CC5D00514B19 /* Network */ = {
			isa = PBXGroup;
			children = (
				D0BEAB5F19D3CC5D00514B19 /* Gateway */,
				D0BEAB6319D3CC5D00514B19 /* Manager */,
				D022423419DB307A002B0E6D /* OSServerManager.h */,
				D022423519DB307A002B0E6D /* OSServerManager.m */,
			);
			path = Network;
			sourceTree = "<group>";
		};
		D0BEAB5F19D3CC5D00514B19 /* Gateway */ = {
			isa = PBXGroup;
			children = (
				D0BEAB6019D3CC5D00514B19 /* ServerGateway.h */,
				D0BEAB6119D3CC5D00514B19 /* ServerGateway.m */,
				D0BEAB6219D3CC5D00514B19 /* ServerGatewayDelegate.h */,
			);
			path = Gateway;
			sourceTree = "<group>";
		};
		D0BEAB6319D3CC5D00514B19 /* Manager */ = {
			isa = PBXGroup;
			children = (
				D0BEAB6419D3CC5D00514B19 /* ServerManager.h */,
				D0BEAB6519D3CC5D00514B19 /* ServerManager.m */,
				D0BEAB6619D3CC5D00514B19 /* ServerManagerDelegate.h */,
			);
			path = Manager;
			sourceTree = "<group>";
		};
		D0BEAB6919D3CD0200514B19 /* SFHFKeychainUtils */ = {
			isa = PBXGroup;
			children = (
				D0BEAB6A19D3CD0200514B19 /* SFHFKeychainUtils.h */,
				D0BEAB6B19D3CD0200514B19 /* SFHFKeychainUtils.m */,
			);
			path = SFHFKeychainUtils;
			sourceTree = "<group>";
		};
		D0D5D2FF19E3761C005FF944 /* TestFlight */ = {
			isa = PBXGroup;
			children = (
				D0D5D30019E3761C005FF944 /* libTestFlight.a */,
				D0D5D30119E3761C005FF944 /* TestFlight+AsyncLogging.h */,
				D0D5D30219E3761C005FF944 /* TestFlight+ManualSessions.h */,
				D0D5D30319E3761C005FF944 /* TestFlight.h */,
			);
			path = TestFlight;
			sourceTree = "<group>";
		};
		D0F984EC19D8A358003B2E74 /* customfonts */ = {
			isa = PBXGroup;
			children = (
				D0F984ED19D8A358003B2E74 /* BebasNeue.ttf */,
				D0F984EE19D8A358003B2E74 /* Bell MT.ttf */,
				D0F984EF19D8A358003B2E74 /* MyriadPro-Bold.ttf */,
				D0F984F019D8A358003B2E74 /* MyriadPro-BoldCond.ttf */,
				D0F984F119D8A358003B2E74 /* MyriadPro-It.ttf */,
				D0F984F219D8A358003B2E74 /* MyriadPro-Regular.ttf */,
			);
			path = customfonts;
			sourceTree = "<group>";
		};
		D0F984F919D8A89D003B2E74 /* CoreData */ = {
			isa = PBXGroup;
			children = (
				D08964C019E67F1B00FFF5CE /* Entity */,
				D0F984FA19D8A8AA003B2E74 /* Model.xcdatamodeld */,
				D0F9850019D8AA74003B2E74 /* OSModelManager.h */,
				D0F9850119D8AA74003B2E74 /* OSModelManager.m */,
			);
			path = CoreData;
			sourceTree = "<group>";
		};
/* End PBXGroup section */

/* Begin PBXNativeTarget section */
		D0BEAAE319D3B9CB00514B19 /* OneScreen */ = {
			isa = PBXNativeTarget;
			buildConfigurationList = D0BEAB1919D3B9CB00514B19 /* Build configuration list for PBXNativeTarget "OneScreen" */;
			buildPhases = (
				D0BEAAE019D3B9CB00514B19 /* Sources */,
				D0BEAAE119D3B9CB00514B19 /* Frameworks */,
				D0BEAAE219D3B9CB00514B19 /* Resources */,
				D02CB33319F0889D003A23B8 /* ShellScript */,
			);
			buildRules = (
			);
			dependencies = (
			);
			name = OneScreen;
			productName = OneScreen;
			productReference = D0BEAAE419D3B9CB00514B19 /* CalMaster.app */;
			productType = "com.apple.product-type.application";
		};
		D0BEAB0719D3B9CB00514B19 /* OneScreenTests */ = {
			isa = PBXNativeTarget;
			buildConfigurationList = D0BEAB1C19D3B9CB00514B19 /* Build configuration list for PBXNativeTarget "OneScreenTests" */;
			buildPhases = (
				D0BEAB0419D3B9CB00514B19 /* Sources */,
				D0BEAB0519D3B9CB00514B19 /* Frameworks */,
				D0BEAB0619D3B9CB00514B19 /* Resources */,
			);
			buildRules = (
			);
			dependencies = (
				D0BEAB0E19D3B9CB00514B19 /* PBXTargetDependency */,
			);
			name = OneScreenTests;
			productName = OneScreenTests;
			productReference = D0BEAB0819D3B9CB00514B19 /* OneScreenTests.xctest */;
			productType = "com.apple.product-type.bundle.unit-test";
		};
/* End PBXNativeTarget section */

/* Begin PBXProject section */
		D0BEAADC19D3B9CB00514B19 /* Project object */ = {
			isa = PBXProject;
			attributes = {
				CLASSPREFIX = OS;
				LastUpgradeCheck = 0510;
				ORGANIZATIONNAME = wagnermeter;
				TargetAttributes = {
					D0BEAAE319D3B9CB00514B19 = {
						DevelopmentTeam = Q9U5XG63LF;
						SystemCapabilities = {
							com.apple.BackgroundModes = {
								enabled = 1;
							};
						};
					};
				};
			};
			buildConfigurationList = D0BEAADF19D3B9CB00514B19 /* Build configuration list for PBXProject "OneScreen" */;
			compatibilityVersion = "Xcode 3.2";
			developmentRegion = English;
			hasScannedForEncodings = 0;
			knownRegions = (
				en,
				Base,
			);
			mainGroup = D0BEAADB19D3B9CB00514B19;
			productRefGroup = D0BEAAE519D3B9CB00514B19 /* Products */;
			projectDirPath = "";
			projectRoot = "";
			targets = (
				D0BEAAE319D3B9CB00514B19 /* OneScreen */,
				D0BEAB0719D3B9CB00514B19 /* OneScreenTests */,
			);
		};
/* End PBXProject section */

/* Begin PBXResourcesBuildPhase section */
		D0BEAAE219D3B9CB00514B19 /* Resources */ = {
			isa = PBXResourcesBuildPhase;
			buildActionMask = 2147483647;
			files = (
				D0F984F519D8A358003B2E74 /* MyriadPro-Bold.ttf in Resources */,
				D0F984F819D8A358003B2E74 /* MyriadPro-Regular.ttf in Resources */,
				D02CB31A19F01061003A23B8 /* Reader-Mark-Y.png in Resources */,
				D02CB31C19F01061003A23B8 /* Reader-Print.png in Resources */,
				D02CB31819F01061003A23B8 /* Reader-Mark-N.png in Resources */,
				D02CB31919F01061003A23B8 /* Reader-Mark-N@2x.png in Resources */,
				D02CB31519F01061003A23B8 /* Reader-Button-N@2x.png in Resources */,
				D0BEAAFE19D3B9CB00514B19 /* Main_iPad.storyboard in Resources */,
				D02CB31019F01061003A23B8 /* AppIcon-114.png in Resources */,
				D02CB31319F01061003A23B8 /* Reader-Button-H@2x.png in Resources */,
				D0BEAB0319D3B9CB00514B19 /* Images.xcassets in Resources */,
				D02CB31E19F01061003A23B8 /* Reader-Thumbs.png in Resources */,
				D02CB31F19F01061003A23B8 /* Reader-Thumbs@2x.png in Resources */,
				D0F984F619D8A358003B2E74 /* MyriadPro-BoldCond.ttf in Resources */,
				D02CB31119F01061003A23B8 /* AppIcon-144.png in Resources */,
				D0F984F719D8A358003B2E74 /* MyriadPro-It.ttf in Resources */,
				D02CB30F19F01061003A23B8 /* AppIcon-072.png in Resources */,
				D02CB31219F01061003A23B8 /* Reader-Button-H.png in Resources */,
				D02CB31719F01061003A23B8 /* Reader-Email@2x.png in Resources */,
				D0BEAAFB19D3B9CB00514B19 /* Main_iPhone.storyboard in Resources */,
				D0F984F419D8A358003B2E74 /* Bell MT.ttf in Resources */,
				D02CB31B19F01061003A23B8 /* Reader-Mark-Y@2x.png in Resources */,
				D02CB31419F01061003A23B8 /* Reader-Button-N.png in Resources */,
				D02CB31619F01061003A23B8 /* Reader-Email.png in Resources */,
				D02CB30E19F01061003A23B8 /* AppIcon-057.png in Resources */,
				D02CB31D19F01061003A23B8 /* Reader-Print@2x.png in Resources */,
				D0F984F319D8A358003B2E74 /* BebasNeue.ttf in Resources */,
				D0BEAAF219D3B9CB00514B19 /* InfoPlist.strings in Resources */,
			);
			runOnlyForDeploymentPostprocessing = 0;
		};
		D0BEAB0619D3B9CB00514B19 /* Resources */ = {
			isa = PBXResourcesBuildPhase;
			buildActionMask = 2147483647;
			files = (
				D0BEAB1419D3B9CB00514B19 /* InfoPlist.strings in Resources */,
			);
			runOnlyForDeploymentPostprocessing = 0;
		};
/* End PBXResourcesBuildPhase section */

/* Begin PBXShellScriptBuildPhase section */
		D02CB33319F0889D003A23B8 /* ShellScript */ = {
			isa = PBXShellScriptBuildPhase;
			buildActionMask = 2147483647;
			files = (
			);
			inputPaths = (
			);
			outputPaths = (
			);
			runOnlyForDeploymentPostprocessing = 0;
			shellPath = "./Crashlytics.framework/run 02eaa877844435ac8f0e7707e5087c6a937afdd5 7154887d77c7e9ff6f5f80e4466cc32d7744dd485e921ad9be41a9f8dbc1b875";
			shellScript = "";
		};
/* End PBXShellScriptBuildPhase section */

/* Begin PBXSourcesBuildPhase section */
		D0BEAAE019D3B9CB00514B19 /* Sources */ = {
			isa = PBXSourcesBuildPhase;
			buildActionMask = 2147483647;
			files = (
				D02CB32819F01061003A23B8 /* ReaderThumbCache.m in Sources */,
				D02CB33019F01061003A23B8 /* ThumbsMainToolbar.m in Sources */,
				D022423619DB307A002B0E6D /* OSServerManager.m in Sources */,
				D005B7B719E5EB5E0073336A /* OSExpirationManager.m in Sources */,
				D0BEAB3F19D3BA7500514B19 /* SBJSON.m in Sources */,
				D02CB32419F01061003A23B8 /* ReaderContentView.m in Sources */,
				D0BEAB3E19D3BA7500514B19 /* NSString+SBJSON.m in Sources */,
				D02CB32F19F01061003A23B8 /* ReaderViewController.m in Sources */,
				D0BEAB5119D3BB4400514B19 /* EmulatorReadingParser.m in Sources */,
				D005B7B019E5E87E0073336A /* OSCertificationManager.m in Sources */,
				D0BEAB5D19D3BD2F00514B19 /* NSDate+String.m in Sources */,
				D00DB25419D50CC500C62136 /* OSTemperatureHelper.m in Sources */,
				D02CB32319F01061003A23B8 /* ReaderContentTile.m in Sources */,
				D00A8FAE19E4A64C00A4A95C /* PushTransitioningDelegate.m in Sources */,
				D005B7B319E5EA6A0073336A /* NSDate+convenience.m in Sources */,
				D02CB33219F01061003A23B8 /* UIXToolbarView.m in Sources */,
				D01D6E6919DCC34300EF4B37 /* NSString+UrlEncoding.m in Sources */,
				D0BEAB4619D3BA7500514B19 /* NSDictionary+QueryString.m in Sources */,
				D02A36B919EED4F500322C00 /* OSReportManager.m in Sources */,
				D02CB32B19F01061003A23B8 /* ReaderThumbRender.m in Sources */,
				D022423A19DB373E002B0E6D /* iToast.m in Sources */,
				D02CB33119F01061003A23B8 /* ThumbsViewController.m in Sources */,
				D02CB32619F01061003A23B8 /* ReaderMainPagebar.m in Sources */,
				D0BEAB4719D3BA7500514B19 /* NSString+QueryString.m in Sources */,
				D02CB32519F01061003A23B8 /* ReaderDocument.m in Sources */,
				D02CB32919F01061003A23B8 /* ReaderThumbFetch.m in Sources */,
				D0E505A619E88F0600B2E45C /* OSSensorCell.m in Sources */,
				D0BEAB5319D3BB4400514B19 /* SensorReadingParser.m in Sources */,
				D0BEAAF819D3B9CB00514B19 /* OSAppDelegate.m in Sources */,
				D0BEAB4019D3BA7500514B19 /* SBJsonBase.m in Sources */,
				D02CB32E19F01061003A23B8 /* ReaderThumbView.m in Sources */,
				D02EE1AD19EDFA7200DF7F5F /* CDSensor.m in Sources */,
				D005B7AD19E5E8670073336A /* OSViewController.m in Sources */,
				D05CCF8E19ECD88100747064 /* OSDummyViewController.m in Sources */,
				D02CB32C19F01061003A23B8 /* ReaderThumbRequest.m in Sources */,
				D005B7AC19E5E8670073336A /* OSSensorInventoryTableViewController.m in Sources */,
				D0BEAB4219D3BA7500514B19 /* SBJsonWriter.m in Sources */,
				D0F984FC19D8A8AA003B2E74 /* Model.xcdatamodeld in Sources */,
				D02CB32219F01061003A23B8 /* ReaderContentPage.m in Sources */,
				D02CB32D19F01061003A23B8 /* ReaderThumbsView.m in Sources */,
				D00A8FAD19E4A64C00A4A95C /* PushAnimatedTransitioning.m in Sources */,
				D0BEAB4519D3BA7500514B19 /* LRURLRequestOperation.m in Sources */,
				D02CB32019F01061003A23B8 /* CGPDFDocument.m in Sources */,
				D0BEAB6C19D3CD0200514B19 /* SFHFKeychainUtils.m in Sources */,
				D01A314319DD3D49008C924F /* OSSaltSolutionManager.m in Sources */,
				D02CB32A19F01061003A23B8 /* ReaderThumbQueue.m in Sources */,
				D0BEAAF419D3B9CB00514B19 /* main.m in Sources */,
				D0BEAB4119D3BA7500514B19 /* SBJsonParser.m in Sources */,
				D00A8FB119E4A66C00A4A95C /* UIManager.m in Sources */,
				D02CB32119F01061003A23B8 /* ReaderConstants.m in Sources */,
				D08964C319E67F2D00FFF5CE /* CDCalCheck.m in Sources */,
				D005B7AB19E5E8670073336A /* OSSaltsCell.m in Sources */,
				D02CB32719F01061003A23B8 /* ReaderMainToolbar.m in Sources */,
				D0BEAB6819D3CC5D00514B19 /* ServerManager.m in Sources */,
				D05CCF8B19ECCAFE00747064 /* OSRotateNavigationController.m in Sources */,
				D0BEAB5219D3BB4400514B19 /* ScanManager.m in Sources */,
				D0BEAB4819D3BA7500514B19 /* NSURL+QueryInspector.m in Sources */,
				D0BEAB3D19D3BA7500514B19 /* NSObject+SBJSON.m in Sources */,
				D0BEAB4419D3BA7500514B19 /* LROAuth2Client.m in Sources */,
				D0BEAB6719D3CC5D00514B19 /* ServerGateway.m in Sources */,
				D08964C919E67F2E00FFF5CE /* CDCalibrationDate.m in Sources */,
				D0F9850219D8AA74003B2E74 /* OSModelManager.m in Sources */,
				D0BEAB4319D3BA7500514B19 /* LROAuth2AccessToken.m in Sources */,
				D01A314619DD479C008C924F /* OSSaltSolution.m in Sources */,
			);
			runOnlyForDeploymentPostprocessing = 0;
		};
		D0BEAB0419D3B9CB00514B19 /* Sources */ = {
			isa = PBXSourcesBuildPhase;
			buildActionMask = 2147483647;
			files = (
				D0BEAB1619D3B9CB00514B19 /* OneScreenTests.m in Sources */,
			);
			runOnlyForDeploymentPostprocessing = 0;
		};
/* End PBXSourcesBuildPhase section */

/* Begin PBXTargetDependency section */
		D0BEAB0E19D3B9CB00514B19 /* PBXTargetDependency */ = {
			isa = PBXTargetDependency;
			target = D0BEAAE319D3B9CB00514B19 /* OneScreen */;
			targetProxy = D0BEAB0D19D3B9CB00514B19 /* PBXContainerItemProxy */;
		};
/* End PBXTargetDependency section */

/* Begin PBXVariantGroup section */
		D0BEAAF019D3B9CB00514B19 /* InfoPlist.strings */ = {
			isa = PBXVariantGroup;
			children = (
				D0BEAAF119D3B9CB00514B19 /* en */,
			);
			name = InfoPlist.strings;
			sourceTree = "<group>";
		};
		D0BEAAF919D3B9CB00514B19 /* Main_iPhone.storyboard */ = {
			isa = PBXVariantGroup;
			children = (
				D0BEAAFA19D3B9CB00514B19 /* Base */,
			);
			name = Main_iPhone.storyboard;
			sourceTree = "<group>";
		};
		D0BEAAFC19D3B9CB00514B19 /* Main_iPad.storyboard */ = {
			isa = PBXVariantGroup;
			children = (
				D0BEAAFD19D3B9CB00514B19 /* Base */,
			);
			name = Main_iPad.storyboard;
			sourceTree = "<group>";
		};
		D0BEAB1219D3B9CB00514B19 /* InfoPlist.strings */ = {
			isa = PBXVariantGroup;
			children = (
				D0BEAB1319D3B9CB00514B19 /* en */,
			);
			name = InfoPlist.strings;
			sourceTree = "<group>";
		};
/* End PBXVariantGroup section */

/* Begin XCBuildConfiguration section */
		D0BEAB1719D3B9CB00514B19 /* Debug */ = {
			isa = XCBuildConfiguration;
			buildSettings = {
				ALWAYS_SEARCH_USER_PATHS = NO;
				CLANG_CXX_LANGUAGE_STANDARD = "gnu++0x";
				CLANG_CXX_LIBRARY = "libc++";
				CLANG_ENABLE_MODULES = YES;
				CLANG_ENABLE_OBJC_ARC = YES;
				CLANG_WARN_BOOL_CONVERSION = YES;
				CLANG_WARN_CONSTANT_CONVERSION = YES;
				CLANG_WARN_DIRECT_OBJC_ISA_USAGE = YES_ERROR;
				CLANG_WARN_EMPTY_BODY = YES;
				CLANG_WARN_ENUM_CONVERSION = YES;
				CLANG_WARN_INT_CONVERSION = YES;
				CLANG_WARN_OBJC_ROOT_CLASS = YES_ERROR;
				CLANG_WARN__DUPLICATE_METHOD_MATCH = YES;
				"CODE_SIGN_IDENTITY[sdk=iphoneos*]" = "iPhone Developer";
				COPY_PHASE_STRIP = NO;
				GCC_C_LANGUAGE_STANDARD = gnu99;
				GCC_DYNAMIC_NO_PIC = NO;
				GCC_OPTIMIZATION_LEVEL = 0;
				GCC_PREPROCESSOR_DEFINITIONS = (
					"DEBUG=1",
					"$(inherited)",
				);
				GCC_SYMBOLS_PRIVATE_EXTERN = NO;
				GCC_WARN_64_TO_32_BIT_CONVERSION = YES;
				GCC_WARN_ABOUT_RETURN_TYPE = YES_ERROR;
				GCC_WARN_UNDECLARED_SELECTOR = YES;
				GCC_WARN_UNINITIALIZED_AUTOS = YES_AGGRESSIVE;
				GCC_WARN_UNUSED_FUNCTION = YES;
				GCC_WARN_UNUSED_VARIABLE = YES;
				IPHONEOS_DEPLOYMENT_TARGET = 7.1;
				ONLY_ACTIVE_ARCH = YES;
				SDKROOT = iphoneos;
				TARGETED_DEVICE_FAMILY = "1,2";
			};
			name = Debug;
		};
		D0BEAB1819D3B9CB00514B19 /* Release */ = {
			isa = XCBuildConfiguration;
			buildSettings = {
				ALWAYS_SEARCH_USER_PATHS = NO;
				CLANG_CXX_LANGUAGE_STANDARD = "gnu++0x";
				CLANG_CXX_LIBRARY = "libc++";
				CLANG_ENABLE_MODULES = YES;
				CLANG_ENABLE_OBJC_ARC = YES;
				CLANG_WARN_BOOL_CONVERSION = YES;
				CLANG_WARN_CONSTANT_CONVERSION = YES;
				CLANG_WARN_DIRECT_OBJC_ISA_USAGE = YES_ERROR;
				CLANG_WARN_EMPTY_BODY = YES;
				CLANG_WARN_ENUM_CONVERSION = YES;
				CLANG_WARN_INT_CONVERSION = YES;
				CLANG_WARN_OBJC_ROOT_CLASS = YES_ERROR;
				CLANG_WARN__DUPLICATE_METHOD_MATCH = YES;
				"CODE_SIGN_IDENTITY[sdk=iphoneos*]" = "iPhone Developer";
				COPY_PHASE_STRIP = YES;
				ENABLE_NS_ASSERTIONS = NO;
				GCC_C_LANGUAGE_STANDARD = gnu99;
				GCC_WARN_64_TO_32_BIT_CONVERSION = YES;
				GCC_WARN_ABOUT_RETURN_TYPE = YES_ERROR;
				GCC_WARN_UNDECLARED_SELECTOR = YES;
				GCC_WARN_UNINITIALIZED_AUTOS = YES_AGGRESSIVE;
				GCC_WARN_UNUSED_FUNCTION = YES;
				GCC_WARN_UNUSED_VARIABLE = YES;
				IPHONEOS_DEPLOYMENT_TARGET = 7.1;
				SDKROOT = iphoneos;
				TARGETED_DEVICE_FAMILY = "1,2";
				VALIDATE_PRODUCT = YES;
			};
			name = Release;
		};
		D0BEAB1A19D3B9CB00514B19 /* Debug */ = {
			isa = XCBuildConfiguration;
			buildSettings = {
				ASSETCATALOG_COMPILER_APPICON_NAME = AppIcon;
				ASSETCATALOG_COMPILER_LAUNCHIMAGE_NAME = LaunchImage;
				CODE_SIGN_IDENTITY = "";
				"CODE_SIGN_IDENTITY[sdk=iphoneos*]" = "";
				FRAMEWORK_SEARCH_PATHS = (
					"$(inherited)",
					"/Volumes/Macintosh\\ 2/work/xxh/OneScreen",
				);
				GCC_PRECOMPILE_PREFIX_HEADER = YES;
				GCC_PREFIX_HEADER = "OneScreen/OneScreen-Prefix.pch";
				INFOPLIST_FILE = "OneScreen/OneScreen-Info.plist";
				IPHONEOS_DEPLOYMENT_TARGET = 7.0;
				LIBRARY_SEARCH_PATHS = (
					"$(inherited)",
					"$(PROJECT_DIR)/Library/TestFlight",
				);
				PRODUCT_NAME = CalMaster;
				PROVISIONING_PROFILE = "7bddce0d-9996-4f7a-973f-bd1f512f7406";
				TARGETED_DEVICE_FAMILY = 1;
				WRAPPER_EXTENSION = app;
			};
			name = Debug;
		};
		D0BEAB1B19D3B9CB00514B19 /* Release */ = {
			isa = XCBuildConfiguration;
			buildSettings = {
				ASSETCATALOG_COMPILER_APPICON_NAME = AppIcon;
				ASSETCATALOG_COMPILER_LAUNCHIMAGE_NAME = LaunchImage;
				CODE_SIGN_IDENTITY = "";
				"CODE_SIGN_IDENTITY[sdk=iphoneos*]" = "";
				FRAMEWORK_SEARCH_PATHS = (
					"$(inherited)",
					"/Volumes/Macintosh\\ 2/work/xxh/OneScreen",
				);
				GCC_PRECOMPILE_PREFIX_HEADER = YES;
				GCC_PREFIX_HEADER = "OneScreen/OneScreen-Prefix.pch";
				INFOPLIST_FILE = "OneScreen/OneScreen-Info.plist";
				IPHONEOS_DEPLOYMENT_TARGET = 7.0;
				LIBRARY_SEARCH_PATHS = (
					"$(inherited)",
					"$(PROJECT_DIR)/Library/TestFlight",
				);
				PRODUCT_NAME = CalMaster;
				PROVISIONING_PROFILE = "88c25dab-206a-42db-abba-bf8fd516c2cf";
				TARGETED_DEVICE_FAMILY = 1;
				WRAPPER_EXTENSION = app;
			};
			name = Release;
		};
		D0BEAB1D19D3B9CB00514B19 /* Debug */ = {
			isa = XCBuildConfiguration;
			buildSettings = {
				FRAMEWORK_SEARCH_PATHS = (
					"$(SDKROOT)/Developer/Library/Frameworks",
					"$(inherited)",
					"$(DEVELOPER_FRAMEWORKS_DIR)",
				);
				GCC_PRECOMPILE_PREFIX_HEADER = YES;
				GCC_PREFIX_HEADER = "OneScreen/OneScreen-Prefix.pch";
				GCC_PREPROCESSOR_DEFINITIONS = (
					"DEBUG=1",
					"$(inherited)",
				);
				INFOPLIST_FILE = "OneScreenTests/OneScreenTests-Info.plist";
				IPHONEOS_DEPLOYMENT_TARGET = 7.0;
				PRODUCT_NAME = "$(TARGET_NAME)";
				WRAPPER_EXTENSION = xctest;
			};
			name = Debug;
		};
		D0BEAB1E19D3B9CB00514B19 /* Release */ = {
			isa = XCBuildConfiguration;
			buildSettings = {
				FRAMEWORK_SEARCH_PATHS = (
					"$(SDKROOT)/Developer/Library/Frameworks",
					"$(inherited)",
					"$(DEVELOPER_FRAMEWORKS_DIR)",
				);
				GCC_PRECOMPILE_PREFIX_HEADER = YES;
				GCC_PREFIX_HEADER = "OneScreen/OneScreen-Prefix.pch";
				INFOPLIST_FILE = "OneScreenTests/OneScreenTests-Info.plist";
				IPHONEOS_DEPLOYMENT_TARGET = 7.0;
				PRODUCT_NAME = "$(TARGET_NAME)";
				WRAPPER_EXTENSION = xctest;
			};
			name = Release;
		};
/* End XCBuildConfiguration section */

/* Begin XCConfigurationList section */
		D0BEAADF19D3B9CB00514B19 /* Build configuration list for PBXProject "OneScreen" */ = {
			isa = XCConfigurationList;
			buildConfigurations = (
				D0BEAB1719D3B9CB00514B19 /* Debug */,
				D0BEAB1819D3B9CB00514B19 /* Release */,
			);
			defaultConfigurationIsVisible = 0;
			defaultConfigurationName = Release;
		};
		D0BEAB1919D3B9CB00514B19 /* Build configuration list for PBXNativeTarget "OneScreen" */ = {
			isa = XCConfigurationList;
			buildConfigurations = (
				D0BEAB1A19D3B9CB00514B19 /* Debug */,
				D0BEAB1B19D3B9CB00514B19 /* Release */,
			);
			defaultConfigurationIsVisible = 0;
			defaultConfigurationName = Release;
		};
		D0BEAB1C19D3B9CB00514B19 /* Build configuration list for PBXNativeTarget "OneScreenTests" */ = {
			isa = XCConfigurationList;
			buildConfigurations = (
				D0BEAB1D19D3B9CB00514B19 /* Debug */,
				D0BEAB1E19D3B9CB00514B19 /* Release */,
			);
			defaultConfigurationIsVisible = 0;
			defaultConfigurationName = Release;
		};
/* End XCConfigurationList section */

/* Begin XCVersionGroup section */
		D0F984FA19D8A8AA003B2E74 /* Model.xcdatamodeld */ = {
			isa = XCVersionGroup;
			children = (
				D0F984FB19D8A8AA003B2E74 /* Model.xcdatamodel */,
			);
			currentVersion = D0F984FB19D8A8AA003B2E74 /* Model.xcdatamodel */;
			path = Model.xcdatamodeld;
			sourceTree = "<group>";
			versionGroupType = wrapper.xcdatamodel;
		};
/* End XCVersionGroup section */
	};
	rootObject = D0BEAADC19D3B9CB00514B19 /* Project object */;
}
